// !$*UTF8*$!
{
	archiveVersion = 1;
	classes = {
	};
	objectVersion = 46;
	objects = {

/* Begin PBXBuildFile section */
		EC0C194E1837E46A00148E7B /* R4Camera.m in Sources */ = {isa = PBXBuildFile; fileRef = EC0C194D1837E46A00148E7B /* R4Camera.m */; };
		EC4A943B181BB41B008B9DC4 /* R4MoveAction.m in Sources */ = {isa = PBXBuildFile; fileRef = EC4A943A181BB41B008B9DC4 /* R4MoveAction.m */; };
		EC4A943E181BC2AF008B9DC4 /* R4SequenceAction.m in Sources */ = {isa = PBXBuildFile; fileRef = EC4A943D181BC2AF008B9DC4 /* R4SequenceAction.m */; };
		EC5BB3971800672F00AB7FE8 /* R4Action.m in Sources */ = {isa = PBXBuildFile; fileRef = EC5BB3961800672F00AB7FE8 /* R4Action.m */; };
		EC5BB39F180069A900AB7FE8 /* R4ScaleAction.m in Sources */ = {isa = PBXBuildFile; fileRef = EC5BB39E180069A900AB7FE8 /* R4ScaleAction.m */; };
		EC5BB3A218006B6D00AB7FE8 /* R4RepeatAction.m in Sources */ = {isa = PBXBuildFile; fileRef = EC5BB3A118006B6D00AB7FE8 /* R4RepeatAction.m */; };
		ECC58D1017F8505600BBAD28 /* Foundation.framework in Frameworks */ = {isa = PBXBuildFile; fileRef = ECC58D0F17F8505600BBAD28 /* Foundation.framework */; };
		ECC58D1517F8505600BBAD28 /* R4Base.h in CopyFiles */ = {isa = PBXBuildFile; fileRef = ECC58D1417F8505600BBAD28 /* R4Base.h */; };
		ECC58D3717F8508000BBAD28 /* GLKit.framework in Frameworks */ = {isa = PBXBuildFile; fileRef = ECC58D3517F8508000BBAD28 /* GLKit.framework */; };
		ECC58D3817F8508000BBAD28 /* OpenGLES.framework in Frameworks */ = {isa = PBXBuildFile; fileRef = ECC58D3617F8508000BBAD28 /* OpenGLES.framework */; };
		ECC58D4317F8519900BBAD28 /* R4View.m in Sources */ = {isa = PBXBuildFile; fileRef = ECC58D4217F8519900BBAD28 /* R4View.m */; };
		ECC58D4617F8521900BBAD28 /* R4Node.m in Sources */ = {isa = PBXBuildFile; fileRef = ECC58D4517F8521900BBAD28 /* R4Node.m */; };
		ECC58D4917F8524F00BBAD28 /* R4Scene.m in Sources */ = {isa = PBXBuildFile; fileRef = ECC58D4817F8524F00BBAD28 /* R4Scene.m */; };
		ECC58D4C17F8531B00BBAD28 /* R4Transition.m in Sources */ = {isa = PBXBuildFile; fileRef = ECC58D4B17F8531B00BBAD28 /* R4Transition.m */; };
		ECC58D4F17F8538900BBAD28 /* R4Texture.m in Sources */ = {isa = PBXBuildFile; fileRef = ECC58D4E17F8538900BBAD28 /* R4Texture.m */; };
		ECC58D5417F85E2700BBAD28 /* R4PrimitiveNode.m in Sources */ = {isa = PBXBuildFile; fileRef = ECC58D5317F85E2700BBAD28 /* R4PrimitiveNode.m */; };
		ECC58D5917F866A100BBAD28 /* R4Renderer.m in Sources */ = {isa = PBXBuildFile; fileRef = ECC58D5817F866A100BBAD28 /* R4Renderer.m */; };
		ECC78C79181C2B1B000FBC19 /* R4ModelNode.mm in Sources */ = {isa = PBXBuildFile; fileRef = ECC78C78181C2B1B000FBC19 /* R4ModelNode.mm */; };
		ECCB535B185DF32A00CB6D74 /* R4DrawableNode.m in Sources */ = {isa = PBXBuildFile; fileRef = ECCB535A185DF32A00CB6D74 /* R4DrawableNode.m */; };
		ECCB5362185DFC9400CB6D74 /* R4DrawableObject.m in Sources */ = {isa = PBXBuildFile; fileRef = ECCB5361185DFC9400CB6D74 /* R4DrawableObject.m */; };
/* End PBXBuildFile section */

/* Begin PBXCopyFilesBuildPhase section */
		ECC58D0A17F8505600BBAD28 /* CopyFiles */ = {
			isa = PBXCopyFilesBuildPhase;
			buildActionMask = 2147483647;
			dstPath = "include/$(PRODUCT_NAME)";
			dstSubfolderSpec = 16;
			files = (
				ECC58D1517F8505600BBAD28 /* R4Base.h in CopyFiles */,
			);
			runOnlyForDeploymentPostprocessing = 0;
		};
/* End PBXCopyFilesBuildPhase section */

/* Begin PBXFileReference section */
		EC0C194C1837E46A00148E7B /* R4Camera.h */ = {isa = PBXFileReference; fileEncoding = 4; lastKnownFileType = sourcecode.c.h; name = R4Camera.h; path = R4/R4Camera.h; sourceTree = "<group>"; };
		EC0C194D1837E46A00148E7B /* R4Camera.m */ = {isa = PBXFileReference; fileEncoding = 4; lastKnownFileType = sourcecode.c.objc; path = R4Camera.m; sourceTree = "<group>"; };
		EC0C194F1837E67400148E7B /* R4Camera_private.h */ = {isa = PBXFileReference; lastKnownFileType = sourcecode.c.h; path = R4Camera_private.h; sourceTree = "<group>"; };
		EC0C8F8617F89D5700E8B229 /* R4Scene_private.h */ = {isa = PBXFileReference; lastKnownFileType = sourcecode.c.h; path = R4Scene_private.h; sourceTree = "<group>"; };
		EC4A9439181BB41B008B9DC4 /* R4MoveAction.h */ = {isa = PBXFileReference; fileEncoding = 4; lastKnownFileType = sourcecode.c.h; path = R4MoveAction.h; sourceTree = "<group>"; };
		EC4A943A181BB41B008B9DC4 /* R4MoveAction.m */ = {isa = PBXFileReference; fileEncoding = 4; lastKnownFileType = sourcecode.c.objc; path = R4MoveAction.m; sourceTree = "<group>"; };
		EC4A943C181BC2AF008B9DC4 /* R4SequenceAction.h */ = {isa = PBXFileReference; fileEncoding = 4; lastKnownFileType = sourcecode.c.h; path = R4SequenceAction.h; sourceTree = "<group>"; };
		EC4A943D181BC2AF008B9DC4 /* R4SequenceAction.m */ = {isa = PBXFileReference; fileEncoding = 4; lastKnownFileType = sourcecode.c.objc; path = R4SequenceAction.m; sourceTree = "<group>"; };
		EC5BB3951800672F00AB7FE8 /* R4Action.h */ = {isa = PBXFileReference; fileEncoding = 4; lastKnownFileType = sourcecode.c.h; name = R4Action.h; path = R4/R4Action.h; sourceTree = "<group>"; };
		EC5BB3961800672F00AB7FE8 /* R4Action.m */ = {isa = PBXFileReference; fileEncoding = 4; lastKnownFileType = sourcecode.c.objc; path = R4Action.m; sourceTree = "<group>"; };
		EC5BB3991800681100AB7FE8 /* R4Action_private.h */ = {isa = PBXFileReference; lastKnownFileType = sourcecode.c.h; path = R4Action_private.h; sourceTree = "<group>"; };
		EC5BB39D180069A900AB7FE8 /* R4ScaleAction.h */ = {isa = PBXFileReference; fileEncoding = 4; lastKnownFileType = sourcecode.c.h; path = R4ScaleAction.h; sourceTree = "<group>"; };
		EC5BB39E180069A900AB7FE8 /* R4ScaleAction.m */ = {isa = PBXFileReference; fileEncoding = 4; lastKnownFileType = sourcecode.c.objc; path = R4ScaleAction.m; sourceTree = "<group>"; };
		EC5BB3A018006B6D00AB7FE8 /* R4RepeatAction.h */ = {isa = PBXFileReference; fileEncoding = 4; lastKnownFileType = sourcecode.c.h; path = R4RepeatAction.h; sourceTree = "<group>"; };
		EC5BB3A118006B6D00AB7FE8 /* R4RepeatAction.m */ = {isa = PBXFileReference; fileEncoding = 4; lastKnownFileType = sourcecode.c.objc; path = R4RepeatAction.m; sourceTree = "<group>"; };
		EC6FD69F17F8777300ED6AAA /* R4Node_private.h */ = {isa = PBXFileReference; lastKnownFileType = sourcecode.c.h; path = R4Node_private.h; sourceTree = "<group>"; };
		ECC58D0C17F8505600BBAD28 /* libR4.a */ = {isa = PBXFileReference; explicitFileType = archive.ar; includeInIndex = 0; path = libR4.a; sourceTree = BUILT_PRODUCTS_DIR; };
		ECC58D0F17F8505600BBAD28 /* Foundation.framework */ = {isa = PBXFileReference; lastKnownFileType = wrapper.framework; name = Foundation.framework; path = System/Library/Frameworks/Foundation.framework; sourceTree = SDKROOT; };
		ECC58D1317F8505600BBAD28 /* R4-Prefix.pch */ = {isa = PBXFileReference; lastKnownFileType = sourcecode.c.h; path = "R4-Prefix.pch"; sourceTree = "<group>"; };
		ECC58D1417F8505600BBAD28 /* R4Base.h */ = {isa = PBXFileReference; lastKnownFileType = sourcecode.c.h; name = R4Base.h; path = R4/R4Base.h; sourceTree = "<group>"; };
		ECC58D2017F8505700BBAD28 /* UIKit.framework */ = {isa = PBXFileReference; lastKnownFileType = wrapper.framework; name = UIKit.framework; path = Library/Frameworks/UIKit.framework; sourceTree = DEVELOPER_DIR; };
		ECC58D3517F8508000BBAD28 /* GLKit.framework */ = {isa = PBXFileReference; lastKnownFileType = wrapper.framework; name = GLKit.framework; path = System/Library/Frameworks/GLKit.framework; sourceTree = SDKROOT; };
		ECC58D3617F8508000BBAD28 /* OpenGLES.framework */ = {isa = PBXFileReference; lastKnownFileType = wrapper.framework; name = OpenGLES.framework; path = System/Library/Frameworks/OpenGLES.framework; sourceTree = SDKROOT; };
		ECC58D4117F8519900BBAD28 /* R4View.h */ = {isa = PBXFileReference; fileEncoding = 4; lastKnownFileType = sourcecode.c.h; name = R4View.h; path = R4/R4View.h; sourceTree = "<group>"; };
		ECC58D4217F8519900BBAD28 /* R4View.m */ = {isa = PBXFileReference; fileEncoding = 4; lastKnownFileType = sourcecode.c.objc; path = R4View.m; sourceTree = "<group>"; };
		ECC58D4417F8521900BBAD28 /* R4Node.h */ = {isa = PBXFileReference; fileEncoding = 4; lastKnownFileType = sourcecode.c.h; name = R4Node.h; path = R4/R4Node.h; sourceTree = "<group>"; };
		ECC58D4517F8521900BBAD28 /* R4Node.m */ = {isa = PBXFileReference; fileEncoding = 4; lastKnownFileType = sourcecode.c.objc; path = R4Node.m; sourceTree = "<group>"; };
		ECC58D4717F8524F00BBAD28 /* R4Scene.h */ = {isa = PBXFileReference; fileEncoding = 4; lastKnownFileType = sourcecode.c.h; name = R4Scene.h; path = R4/R4Scene.h; sourceTree = "<group>"; };
		ECC58D4817F8524F00BBAD28 /* R4Scene.m */ = {isa = PBXFileReference; fileEncoding = 4; lastKnownFileType = sourcecode.c.objc; path = R4Scene.m; sourceTree = "<group>"; };
		ECC58D4A17F8531B00BBAD28 /* R4Transition.h */ = {isa = PBXFileReference; fileEncoding = 4; lastKnownFileType = sourcecode.c.h; name = R4Transition.h; path = R4/R4Transition.h; sourceTree = "<group>"; };
		ECC58D4B17F8531B00BBAD28 /* R4Transition.m */ = {isa = PBXFileReference; fileEncoding = 4; lastKnownFileType = sourcecode.c.objc; path = R4Transition.m; sourceTree = "<group>"; };
		ECC58D4D17F8538900BBAD28 /* R4Texture.h */ = {isa = PBXFileReference; fileEncoding = 4; lastKnownFileType = sourcecode.c.h; name = R4Texture.h; path = R4/R4Texture.h; sourceTree = "<group>"; };
		ECC58D4E17F8538900BBAD28 /* R4Texture.m */ = {isa = PBXFileReference; fileEncoding = 4; lastKnownFileType = sourcecode.c.objc; path = R4Texture.m; sourceTree = "<group>"; };
		ECC58D5217F85E2700BBAD28 /* R4PrimitiveNode.h */ = {isa = PBXFileReference; fileEncoding = 4; lastKnownFileType = sourcecode.c.h; name = R4PrimitiveNode.h; path = R4/R4PrimitiveNode.h; sourceTree = "<group>"; };
		ECC58D5317F85E2700BBAD28 /* R4PrimitiveNode.m */ = {isa = PBXFileReference; fileEncoding = 4; lastKnownFileType = sourcecode.c.objc; path = R4PrimitiveNode.m; sourceTree = "<group>"; };
		ECC58D5617F8639800BBAD28 /* R4View_private.h */ = {isa = PBXFileReference; lastKnownFileType = sourcecode.c.h; path = R4View_private.h; sourceTree = "<group>"; };
		ECC58D5717F866A100BBAD28 /* R4Renderer.h */ = {isa = PBXFileReference; fileEncoding = 4; lastKnownFileType = sourcecode.c.h; path = R4Renderer.h; sourceTree = "<group>"; };
		ECC58D5817F866A100BBAD28 /* R4Renderer.m */ = {isa = PBXFileReference; fileEncoding = 4; lastKnownFileType = sourcecode.c.objc; path = R4Renderer.m; sourceTree = "<group>"; };
		ECC78C77181C2B1B000FBC19 /* R4ModelNode.h */ = {isa = PBXFileReference; fileEncoding = 4; lastKnownFileType = sourcecode.c.h; name = R4ModelNode.h; path = R4/R4ModelNode.h; sourceTree = "<group>"; };
		ECC78C78181C2B1B000FBC19 /* R4ModelNode.mm */ = {isa = PBXFileReference; fileEncoding = 4; lastKnownFileType = sourcecode.cpp.objcpp; path = R4ModelNode.mm; sourceTree = "<group>"; };
		ECCB5359185DF32A00CB6D74 /* R4DrawableNode.h */ = {isa = PBXFileReference; fileEncoding = 4; lastKnownFileType = sourcecode.c.h; name = R4DrawableNode.h; path = R4/R4DrawableNode.h; sourceTree = "<group>"; };
		ECCB535A185DF32A00CB6D74 /* R4DrawableNode.m */ = {isa = PBXFileReference; fileEncoding = 4; lastKnownFileType = sourcecode.c.objc; path = R4DrawableNode.m; sourceTree = "<group>"; };
		ECCB535C185DF39500CB6D74 /* R4DrawableNode_private.h */ = {isa = PBXFileReference; lastKnownFileType = sourcecode.c.h; path = R4DrawableNode_private.h; sourceTree = "<group>"; };
		ECCB5360185DFC9400CB6D74 /* R4DrawableObject.h */ = {isa = PBXFileReference; fileEncoding = 4; lastKnownFileType = sourcecode.c.h; path = R4DrawableObject.h; sourceTree = "<group>"; };
		ECCB5361185DFC9400CB6D74 /* R4DrawableObject.m */ = {isa = PBXFileReference; fileEncoding = 4; lastKnownFileType = sourcecode.c.objc; path = R4DrawableObject.m; sourceTree = "<group>"; };
/* End PBXFileReference section */

/* Begin PBXFrameworksBuildPhase section */
		ECC58D0917F8505600BBAD28 /* Frameworks */ = {
			isa = PBXFrameworksBuildPhase;
			buildActionMask = 2147483647;
			files = (
				ECC58D3717F8508000BBAD28 /* GLKit.framework in Frameworks */,
				ECC58D3817F8508000BBAD28 /* OpenGLES.framework in Frameworks */,
				ECC58D1017F8505600BBAD28 /* Foundation.framework in Frameworks */,
			);
			runOnlyForDeploymentPostprocessing = 0;
		};
/* End PBXFrameworksBuildPhase section */

/* Begin PBXGroup section */
		EC5BB398180067E100AB7FE8 /* R4Action */ = {
			isa = PBXGroup;
			children = (
				EC5BB3991800681100AB7FE8 /* R4Action_private.h */,
				EC5BB3961800672F00AB7FE8 /* R4Action.m */,
				EC4A9439181BB41B008B9DC4 /* R4MoveAction.h */,
				EC4A943A181BB41B008B9DC4 /* R4MoveAction.m */,
				EC5BB39D180069A900AB7FE8 /* R4ScaleAction.h */,
				EC5BB39E180069A900AB7FE8 /* R4ScaleAction.m */,
				EC5BB3A018006B6D00AB7FE8 /* R4RepeatAction.h */,
				EC5BB3A118006B6D00AB7FE8 /* R4RepeatAction.m */,
				EC4A943C181BC2AF008B9DC4 /* R4SequenceAction.h */,
				EC4A943D181BC2AF008B9DC4 /* R4SequenceAction.m */,
			);
			name = R4Action;
			sourceTree = "<group>";
		};
		ECC58D0317F8505600BBAD28 = {
			isa = PBXGroup;
			children = (
				ECC58D5517F861D100BBAD28 /* Public headers */,
				ECC58D1117F8505600BBAD28 /* R4 */,
				ECC58D0E17F8505600BBAD28 /* Frameworks */,
				ECC58D0D17F8505600BBAD28 /* Products */,
			);
			sourceTree = "<group>";
		};
		ECC58D0D17F8505600BBAD28 /* Products */ = {
			isa = PBXGroup;
			children = (
				ECC58D0C17F8505600BBAD28 /* libR4.a */,
			);
			name = Products;
			sourceTree = "<group>";
		};
		ECC58D0E17F8505600BBAD28 /* Frameworks */ = {
			isa = PBXGroup;
			children = (
				ECC58D3517F8508000BBAD28 /* GLKit.framework */,
				ECC58D3617F8508000BBAD28 /* OpenGLES.framework */,
				ECC58D0F17F8505600BBAD28 /* Foundation.framework */,
				ECC58D2017F8505700BBAD28 /* UIKit.framework */,
			);
			name = Frameworks;
			sourceTree = "<group>";
		};
		ECC58D1117F8505600BBAD28 /* R4 */ = {
			isa = PBXGroup;
			children = (
				ECC58D5717F866A100BBAD28 /* R4Renderer.h */,
				ECC58D5817F866A100BBAD28 /* R4Renderer.m */,
				ECC58D5617F8639800BBAD28 /* R4View_private.h */,
				ECC58D4217F8519900BBAD28 /* R4View.m */,
				EC5BB398180067E100AB7FE8 /* R4Action */,
				ECC58D4B17F8531B00BBAD28 /* R4Transition.m */,
				ECC58D4E17F8538900BBAD28 /* R4Texture.m */,
				EC6FD69F17F8777300ED6AAA /* R4Node_private.h */,
				ECC58D4517F8521900BBAD28 /* R4Node.m */,
				EC0C8F8617F89D5700E8B229 /* R4Scene_private.h */,
				ECC58D4817F8524F00BBAD28 /* R4Scene.m */,
				EC0C194F1837E67400148E7B /* R4Camera_private.h */,
				EC0C194D1837E46A00148E7B /* R4Camera.m */,
				ECCB5360185DFC9400CB6D74 /* R4DrawableObject.h */,
				ECCB5361185DFC9400CB6D74 /* R4DrawableObject.m */,
				ECCB535C185DF39500CB6D74 /* R4DrawableNode_private.h */,
				ECCB535A185DF32A00CB6D74 /* R4DrawableNode.m */,
				ECC58D5317F85E2700BBAD28 /* R4PrimitiveNode.m */,
				ECC78C78181C2B1B000FBC19 /* R4ModelNode.mm */,
				ECC58D1217F8505600BBAD28 /* Supporting Files */,
			);
			path = R4;
			sourceTree = "<group>";
		};
		ECC58D1217F8505600BBAD28 /* Supporting Files */ = {
			isa = PBXGroup;
			children = (
				ECC58D1317F8505600BBAD28 /* R4-Prefix.pch */,
			);
			name = "Supporting Files";
			sourceTree = "<group>";
		};
		ECC58D5517F861D100BBAD28 /* Public headers */ = {
			isa = PBXGroup;
			children = (
				ECC58D1417F8505600BBAD28 /* R4Base.h */,
				ECC58D4117F8519900BBAD28 /* R4View.h */,
				EC5BB3951800672F00AB7FE8 /* R4Action.h */,
				ECC58D4A17F8531B00BBAD28 /* R4Transition.h */,
				ECC58D4D17F8538900BBAD28 /* R4Texture.h */,
				ECC58D4417F8521900BBAD28 /* R4Node.h */,
				ECC58D4717F8524F00BBAD28 /* R4Scene.h */,
				EC0C194C1837E46A00148E7B /* R4Camera.h */,
				ECCB5359185DF32A00CB6D74 /* R4DrawableNode.h */,
				ECC58D5217F85E2700BBAD28 /* R4PrimitiveNode.h */,
				ECC78C77181C2B1B000FBC19 /* R4ModelNode.h */,
			);
			name = "Public headers";
			sourceTree = "<group>";
		};
/* End PBXGroup section */

/* Begin PBXNativeTarget section */
		ECC58D0B17F8505600BBAD28 /* R4 */ = {
			isa = PBXNativeTarget;
			buildConfigurationList = ECC58D2F17F8505700BBAD28 /* Build configuration list for PBXNativeTarget "R4" */;
			buildPhases = (
				ECC58D0817F8505600BBAD28 /* Sources */,
				ECC58D0917F8505600BBAD28 /* Frameworks */,
				ECC58D0A17F8505600BBAD28 /* CopyFiles */,
			);
			buildRules = (
			);
			dependencies = (
			);
			name = R4;
			productName = R4;
			productReference = ECC58D0C17F8505600BBAD28 /* libR4.a */;
			productType = "com.apple.product-type.library.static";
		};
/* End PBXNativeTarget section */

/* Begin PBXProject section */
		ECC58D0417F8505600BBAD28 /* Project object */ = {
			isa = PBXProject;
			attributes = {
				LastUpgradeCheck = 0500;
				ORGANIZATIONNAME = "Srđan Rašić";
			};
			buildConfigurationList = ECC58D0717F8505600BBAD28 /* Build configuration list for PBXProject "R4" */;
			compatibilityVersion = "Xcode 3.2";
			developmentRegion = English;
			hasScannedForEncodings = 0;
			knownRegions = (
				en,
			);
			mainGroup = ECC58D0317F8505600BBAD28;
			productRefGroup = ECC58D0D17F8505600BBAD28 /* Products */;
			projectDirPath = "";
			projectRoot = "";
			targets = (
				ECC58D0B17F8505600BBAD28 /* R4 */,
			);
		};
/* End PBXProject section */

/* Begin PBXSourcesBuildPhase section */
		ECC58D0817F8505600BBAD28 /* Sources */ = {
			isa = PBXSourcesBuildPhase;
			buildActionMask = 2147483647;
			files = (
				ECC58D4F17F8538900BBAD28 /* R4Texture.m in Sources */,
				EC5BB39F180069A900AB7FE8 /* R4ScaleAction.m in Sources */,
				EC5BB3971800672F00AB7FE8 /* R4Action.m in Sources */,
				ECC58D4917F8524F00BBAD28 /* R4Scene.m in Sources */,
				ECC58D4317F8519900BBAD28 /* R4View.m in Sources */,
				ECC58D4C17F8531B00BBAD28 /* R4Transition.m in Sources */,
				EC0C194E1837E46A00148E7B /* R4Camera.m in Sources */,
				EC4A943E181BC2AF008B9DC4 /* R4SequenceAction.m in Sources */,
				EC5BB3A218006B6D00AB7FE8 /* R4RepeatAction.m in Sources */,
				ECCB535B185DF32A00CB6D74 /* R4DrawableNode.m in Sources */,
				ECC58D4617F8521900BBAD28 /* R4Node.m in Sources */,
				ECC58D5917F866A100BBAD28 /* R4Renderer.m in Sources */,
				ECCB5362185DFC9400CB6D74 /* R4DrawableObject.m in Sources */,
				EC4A943B181BB41B008B9DC4 /* R4MoveAction.m in Sources */,
				ECC58D5417F85E2700BBAD28 /* R4PrimitiveNode.m in Sources */,
				ECC78C79181C2B1B000FBC19 /* R4ModelNode.mm in Sources */,
			);
			runOnlyForDeploymentPostprocessing = 0;
		};
/* End PBXSourcesBuildPhase section */

/* Begin XCBuildConfiguration section */
		ECC58D2D17F8505700BBAD28 /* Debug */ = {
			isa = XCBuildConfiguration;
			buildSettings = {
				ALWAYS_SEARCH_USER_PATHS = NO;
				ARCHS = "$(ARCHS_STANDARD_INCLUDING_64_BIT)";
				CLANG_CXX_LANGUAGE_STANDARD = "gnu++0x";
				CLANG_CXX_LIBRARY = "libc++";
				CLANG_ENABLE_MODULES = YES;
				CLANG_ENABLE_OBJC_ARC = YES;
				CLANG_WARN_BOOL_CONVERSION = YES;
				CLANG_WARN_CONSTANT_CONVERSION = YES;
				CLANG_WARN_DIRECT_OBJC_ISA_USAGE = YES_ERROR;
				CLANG_WARN_EMPTY_BODY = YES;
				CLANG_WARN_ENUM_CONVERSION = YES;
				CLANG_WARN_INT_CONVERSION = YES;
				CLANG_WARN_OBJC_ROOT_CLASS = YES_ERROR;
				CLANG_WARN__DUPLICATE_METHOD_MATCH = YES;
				CODE_SIGN_IDENTITY = "iPhone Developer";
				COPY_PHASE_STRIP = NO;
				GCC_C_LANGUAGE_STANDARD = gnu99;
				GCC_DYNAMIC_NO_PIC = NO;
				GCC_OPTIMIZATION_LEVEL = 0;
				GCC_PREPROCESSOR_DEFINITIONS = (
					"DEBUG=1",
					"$(inherited)",
				);
				GCC_SYMBOLS_PRIVATE_EXTERN = NO;
				GCC_WARN_64_TO_32_BIT_CONVERSION = YES;
				GCC_WARN_ABOUT_RETURN_TYPE = YES_ERROR;
				GCC_WARN_UNDECLARED_SELECTOR = YES;
				GCC_WARN_UNINITIALIZED_AUTOS = YES;
				GCC_WARN_UNUSED_FUNCTION = YES;
				GCC_WARN_UNUSED_VARIABLE = YES;
				IPHONEOS_DEPLOYMENT_TARGET = 6.0;
				ONLY_ACTIVE_ARCH = YES;
				SDKROOT = iphoneos;
			};
			name = Debug;
		};
		ECC58D2E17F8505700BBAD28 /* Release */ = {
			isa = XCBuildConfiguration;
			buildSettings = {
				ALWAYS_SEARCH_USER_PATHS = NO;
				ARCHS = "$(ARCHS_STANDARD_INCLUDING_64_BIT)";
				CLANG_CXX_LANGUAGE_STANDARD = "gnu++0x";
				CLANG_CXX_LIBRARY = "libc++";
				CLANG_ENABLE_MODULES = YES;
				CLANG_ENABLE_OBJC_ARC = YES;
				CLANG_WARN_BOOL_CONVERSION = YES;
				CLANG_WARN_CONSTANT_CONVERSION = YES;
				CLANG_WARN_DIRECT_OBJC_ISA_USAGE = YES_ERROR;
				CLANG_WARN_EMPTY_BODY = YES;
				CLANG_WARN_ENUM_CONVERSION = YES;
				CLANG_WARN_INT_CONVERSION = YES;
				CLANG_WARN_OBJC_ROOT_CLASS = YES_ERROR;
				CLANG_WARN__DUPLICATE_METHOD_MATCH = YES;
				CODE_SIGN_IDENTITY = "iPhone Developer";
				COPY_PHASE_STRIP = YES;
				ENABLE_NS_ASSERTIONS = NO;
				GCC_C_LANGUAGE_STANDARD = gnu99;
				GCC_WARN_64_TO_32_BIT_CONVERSION = YES;
				GCC_WARN_ABOUT_RETURN_TYPE = YES_ERROR;
				GCC_WARN_UNDECLARED_SELECTOR = YES;
				GCC_WARN_UNINITIALIZED_AUTOS = YES;
				GCC_WARN_UNUSED_FUNCTION = YES;
				GCC_WARN_UNUSED_VARIABLE = YES;
				IPHONEOS_DEPLOYMENT_TARGET = 6.0;
				SDKROOT = iphoneos;
				VALIDATE_PRODUCT = YES;
			};
			name = Release;
		};
		ECC58D3017F8505700BBAD28 /* Debug */ = {
			isa = XCBuildConfiguration;
			buildSettings = {
				ARCHS = "$(ARCHS_STANDARD)";
				CODE_SIGN_ENTITLEMENTS = "";
				CODE_SIGN_IDENTITY = "iPhone Developer";
				DSTROOT = /tmp/R4.dst;
				GCC_PRECOMPILE_PREFIX_HEADER = YES;
				GCC_PREFIX_HEADER = "R4/R4-Prefix.pch";
				OTHER_LDFLAGS = "-ObjC";
				PRODUCT_NAME = "$(TARGET_NAME)";
				PROVISIONING_PROFILE = "";
				SKIP_INSTALL = YES;
			};
			name = Debug;
		};
		ECC58D3117F8505700BBAD28 /* Release */ = {
			isa = XCBuildConfiguration;
			buildSettings = {
				ARCHS = "$(ARCHS_STANDARD)";
				CODE_SIGN_ENTITLEMENTS = "";
				CODE_SIGN_IDENTITY = "iPhone Developer";
				DSTROOT = /tmp/R4.dst;
				GCC_PRECOMPILE_PREFIX_HEADER = YES;
				GCC_PREFIX_HEADER = "R4/R4-Prefix.pch";
				OTHER_LDFLAGS = "-ObjC";
				PRODUCT_NAME = "$(TARGET_NAME)";
				PROVISIONING_PROFILE = "";
				SKIP_INSTALL = YES;
			};
			name = Release;
		};
/* End XCBuildConfiguration section */

/* Begin XCConfigurationList section */
		ECC58D0717F8505600BBAD28 /* Build configuration list for PBXProject "R4" */ = {
			isa = XCConfigurationList;
			buildConfigurations = (
				ECC58D2D17F8505700BBAD28 /* Debug */,
				ECC58D2E17F8505700BBAD28 /* Release */,
			);
			defaultConfigurationIsVisible = 0;
			defaultConfigurationName = Release;
		};
		ECC58D2F17F8505700BBAD28 /* Build configuration list for PBXNativeTarget "R4" */ = {
			isa = XCConfigurationList;
			buildConfigurations = (
				ECC58D3017F8505700BBAD28 /* Debug */,
				ECC58D3117F8505700BBAD28 /* Release */,
			);
			defaultConfigurationIsVisible = 0;
			defaultConfigurationName = Release;
		};
/* End XCConfigurationList section */
	};
	rootObject = ECC58D0417F8505600BBAD28 /* Project object */;
}
