// !$*UTF8*$!
{
	archiveVersion = 1;
	classes = {
	};
	objectVersion = 46;
	objects = {

/* Begin PBXBuildFile section */
		EC0C194E1837E46A00148E7B /* R4Camera.m in Sources */ = {isa = PBXBuildFile; fileRef = EC0C194D1837E46A00148E7B /* R4Camera.m */; };
		EC4A943B181BB41B008B9DC4 /* R4MoveAction.m in Sources */ = {isa = PBXBuildFile; fileRef = EC4A943A181BB41B008B9DC4 /* R4MoveAction.m */; };
		EC4A943E181BC2AF008B9DC4 /* R4SequenceAction.m in Sources */ = {isa = PBXBuildFile; fileRef = EC4A943D181BC2AF008B9DC4 /* R4SequenceAction.m */; };
		EC5BB3971800672F00AB7FE8 /* R4Action.m in Sources */ = {isa = PBXBuildFile; fileRef = EC5BB3961800672F00AB7FE8 /* R4Action.m */; };
		EC5BB39F180069A900AB7FE8 /* R4ScaleAction.m in Sources */ = {isa = PBXBuildFile; fileRef = EC5BB39E180069A900AB7FE8 /* R4ScaleAction.m */; };
		EC5BB3A218006B6D00AB7FE8 /* R4RepeatAction.m in Sources */ = {isa = PBXBuildFile; fileRef = EC5BB3A118006B6D00AB7FE8 /* R4RepeatAction.m */; };
		EC678738186B08CC009921C2 /* R4LightNode.m in Sources */ = {isa = PBXBuildFile; fileRef = EC678737186B08CC009921C2 /* R4LightNode.m */; };
		EC9EBEB0189D28150071C0EA /* R4ProgramManager.m in Sources */ = {isa = PBXBuildFile; fileRef = EC9EBEAF189D28150071C0EA /* R4ProgramManager.m */; };
		ECADD135188AD23E004736E1 /* R4Material.m in Sources */ = {isa = PBXBuildFile; fileRef = ECADD134188AD23E004736E1 /* R4Material.m */; };
		ECADD138188AD262004736E1 /* R4Pass.m in Sources */ = {isa = PBXBuildFile; fileRef = ECADD137188AD262004736E1 /* R4Pass.m */; };
		ECADD13C188AD2A2004736E1 /* R4TextureUnit.m in Sources */ = {isa = PBXBuildFile; fileRef = ECADD13B188AD2A2004736E1 /* R4TextureUnit.m */; };
		ECADD13F188AD6BF004736E1 /* R4Technique.m in Sources */ = {isa = PBXBuildFile; fileRef = ECADD13E188AD6BF004736E1 /* R4Technique.m */; };
		ECADD142188ADC31004736E1 /* R4Program.m in Sources */ = {isa = PBXBuildFile; fileRef = ECADD141188ADC31004736E1 /* R4Program.m */; };
		ECADD146188ADE89004736E1 /* R4Shader.m in Sources */ = {isa = PBXBuildFile; fileRef = ECADD144188ADC3C004736E1 /* R4Shader.m */; };
		ECC58D1017F8505600BBAD28 /* Foundation.framework in Frameworks */ = {isa = PBXBuildFile; fileRef = ECC58D0F17F8505600BBAD28 /* Foundation.framework */; };
		ECC58D1517F8505600BBAD28 /* R4Base.h in CopyFiles */ = {isa = PBXBuildFile; fileRef = ECC58D1417F8505600BBAD28 /* R4Base.h */; };
		ECC58D3717F8508000BBAD28 /* GLKit.framework in Frameworks */ = {isa = PBXBuildFile; fileRef = ECC58D3517F8508000BBAD28 /* GLKit.framework */; };
		ECC58D3817F8508000BBAD28 /* OpenGLES.framework in Frameworks */ = {isa = PBXBuildFile; fileRef = ECC58D3617F8508000BBAD28 /* OpenGLES.framework */; };
		ECC58D4317F8519900BBAD28 /* R4View.m in Sources */ = {isa = PBXBuildFile; fileRef = ECC58D4217F8519900BBAD28 /* R4View.m */; };
		ECC58D4617F8521900BBAD28 /* R4Node.m in Sources */ = {isa = PBXBuildFile; fileRef = ECC58D4517F8521900BBAD28 /* R4Node.m */; };
		ECC58D4917F8524F00BBAD28 /* R4Scene.m in Sources */ = {isa = PBXBuildFile; fileRef = ECC58D4817F8524F00BBAD28 /* R4Scene.m */; };
		ECC58D4C17F8531B00BBAD28 /* R4Transition.m in Sources */ = {isa = PBXBuildFile; fileRef = ECC58D4B17F8531B00BBAD28 /* R4Transition.m */; };
		ECC58D4F17F8538900BBAD28 /* R4Texture.m in Sources */ = {isa = PBXBuildFile; fileRef = ECC58D4E17F8538900BBAD28 /* R4Texture.m */; };
		ECC58D5917F866A100BBAD28 /* R4Renderer.m in Sources */ = {isa = PBXBuildFile; fileRef = ECC58D5817F866A100BBAD28 /* R4Renderer.m */; };
		ECDE15BE188C31F5008EA3A1 /* R4Mesh.mm in Sources */ = {isa = PBXBuildFile; fileRef = ECDE15BD188C31F5008EA3A1 /* R4Mesh.mm */; };
		ECDE15C1188C3262008EA3A1 /* R4EntityNode.m in Sources */ = {isa = PBXBuildFile; fileRef = ECDE15C0188C3262008EA3A1 /* R4EntityNode.m */; };
		ECE91899186C7ED4000E11A7 /* R4EmitterNode.m in Sources */ = {isa = PBXBuildFile; fileRef = EC3D8EAA186B50AD00CFA6B1 /* R4EmitterNode.m */; };
/* End PBXBuildFile section */

/* Begin PBXCopyFilesBuildPhase section */
		ECC58D0A17F8505600BBAD28 /* CopyFiles */ = {
			isa = PBXCopyFilesBuildPhase;
			buildActionMask = 2147483647;
			dstPath = "include/$(PRODUCT_NAME)";
			dstSubfolderSpec = 16;
			files = (
				ECC58D1517F8505600BBAD28 /* R4Base.h in CopyFiles */,
			);
			runOnlyForDeploymentPostprocessing = 0;
		};
/* End PBXCopyFilesBuildPhase section */

/* Begin PBXFileReference section */
		EC0C194C1837E46A00148E7B /* R4CameraNode.h */ = {isa = PBXFileReference; fileEncoding = 4; lastKnownFileType = sourcecode.c.h; path = R4CameraNode.h; sourceTree = "<group>"; };
		EC0C194D1837E46A00148E7B /* R4Camera.m */ = {isa = PBXFileReference; fileEncoding = 4; lastKnownFileType = sourcecode.c.objc; path = R4Camera.m; sourceTree = "<group>"; };
		EC0C194F1837E67400148E7B /* R4CameraNodePrivate.h */ = {isa = PBXFileReference; lastKnownFileType = sourcecode.c.h; path = R4CameraNodePrivate.h; sourceTree = "<group>"; };
		EC0C8F8617F89D5700E8B229 /* R4ScenePrivate.h */ = {isa = PBXFileReference; lastKnownFileType = sourcecode.c.h; path = R4ScenePrivate.h; sourceTree = "<group>"; };
		EC3D8EA9186B50AD00CFA6B1 /* R4EmitterNode.h */ = {isa = PBXFileReference; fileEncoding = 4; lastKnownFileType = sourcecode.c.h; path = R4EmitterNode.h; sourceTree = "<group>"; };
		EC3D8EAA186B50AD00CFA6B1 /* R4EmitterNode.m */ = {isa = PBXFileReference; fileEncoding = 4; lastKnownFileType = sourcecode.c.objc; path = R4EmitterNode.m; sourceTree = "<group>"; };
		EC3D8EAF186B6CD500CFA6B1 /* R4EmitterNodePrivate.h */ = {isa = PBXFileReference; lastKnownFileType = sourcecode.c.h; path = R4EmitterNodePrivate.h; sourceTree = "<group>"; };
		EC4A9439181BB41B008B9DC4 /* R4MoveAction.h */ = {isa = PBXFileReference; fileEncoding = 4; lastKnownFileType = sourcecode.c.h; path = R4MoveAction.h; sourceTree = "<group>"; };
		EC4A943A181BB41B008B9DC4 /* R4MoveAction.m */ = {isa = PBXFileReference; fileEncoding = 4; lastKnownFileType = sourcecode.c.objc; path = R4MoveAction.m; sourceTree = "<group>"; };
		EC4A943C181BC2AF008B9DC4 /* R4SequenceAction.h */ = {isa = PBXFileReference; fileEncoding = 4; lastKnownFileType = sourcecode.c.h; path = R4SequenceAction.h; sourceTree = "<group>"; };
		EC4A943D181BC2AF008B9DC4 /* R4SequenceAction.m */ = {isa = PBXFileReference; fileEncoding = 4; lastKnownFileType = sourcecode.c.objc; path = R4SequenceAction.m; sourceTree = "<group>"; };
		EC5BB3951800672F00AB7FE8 /* R4Action.h */ = {isa = PBXFileReference; fileEncoding = 4; lastKnownFileType = sourcecode.c.h; path = R4Action.h; sourceTree = "<group>"; };
		EC5BB3961800672F00AB7FE8 /* R4Action.m */ = {isa = PBXFileReference; fileEncoding = 4; lastKnownFileType = sourcecode.c.objc; path = R4Action.m; sourceTree = "<group>"; };
		EC5BB3991800681100AB7FE8 /* R4ActionPrivate.h */ = {isa = PBXFileReference; lastKnownFileType = sourcecode.c.h; path = R4ActionPrivate.h; sourceTree = "<group>"; };
		EC5BB39D180069A900AB7FE8 /* R4ScaleAction.h */ = {isa = PBXFileReference; fileEncoding = 4; lastKnownFileType = sourcecode.c.h; path = R4ScaleAction.h; sourceTree = "<group>"; };
		EC5BB39E180069A900AB7FE8 /* R4ScaleAction.m */ = {isa = PBXFileReference; fileEncoding = 4; lastKnownFileType = sourcecode.c.objc; path = R4ScaleAction.m; sourceTree = "<group>"; };
		EC5BB3A018006B6D00AB7FE8 /* R4RepeatAction.h */ = {isa = PBXFileReference; fileEncoding = 4; lastKnownFileType = sourcecode.c.h; path = R4RepeatAction.h; sourceTree = "<group>"; };
		EC5BB3A118006B6D00AB7FE8 /* R4RepeatAction.m */ = {isa = PBXFileReference; fileEncoding = 4; lastKnownFileType = sourcecode.c.objc; path = R4RepeatAction.m; sourceTree = "<group>"; };
		EC678736186B08CC009921C2 /* R4LightNode.h */ = {isa = PBXFileReference; fileEncoding = 4; lastKnownFileType = sourcecode.c.h; path = R4LightNode.h; sourceTree = "<group>"; };
		EC678737186B08CC009921C2 /* R4LightNode.m */ = {isa = PBXFileReference; fileEncoding = 4; lastKnownFileType = sourcecode.c.objc; path = R4LightNode.m; sourceTree = "<group>"; };
		EC678739186B0ACD009921C2 /* R4LightNodePrivate.h */ = {isa = PBXFileReference; lastKnownFileType = sourcecode.c.h; path = R4LightNodePrivate.h; sourceTree = "<group>"; };
		EC6FD69F17F8777300ED6AAA /* R4NodePrivate.h */ = {isa = PBXFileReference; lastKnownFileType = sourcecode.c.h; path = R4NodePrivate.h; sourceTree = "<group>"; };
		EC9EBEAE189D28150071C0EA /* R4ProgramManager.h */ = {isa = PBXFileReference; fileEncoding = 4; lastKnownFileType = sourcecode.c.h; path = R4ProgramManager.h; sourceTree = "<group>"; };
		EC9EBEAF189D28150071C0EA /* R4ProgramManager.m */ = {isa = PBXFileReference; fileEncoding = 4; lastKnownFileType = sourcecode.c.objc; path = R4ProgramManager.m; sourceTree = "<group>"; };
		ECA3D12D186B96A500D92087 /* R4Shaders.h */ = {isa = PBXFileReference; lastKnownFileType = sourcecode.c.h; path = R4Shaders.h; sourceTree = "<group>"; };
		ECA9C2E1186BABCE0073A61B /* ParticleShader.fsh */ = {isa = PBXFileReference; fileEncoding = 4; lastKnownFileType = sourcecode.glsl; name = ParticleShader.fsh; path = Shaders/ParticleShader.fsh; sourceTree = "<group>"; };
		ECA9C2E2186BABCE0073A61B /* ParticleShader.vsh */ = {isa = PBXFileReference; fileEncoding = 4; lastKnownFileType = sourcecode.glsl; name = ParticleShader.vsh; path = Shaders/ParticleShader.vsh; sourceTree = "<group>"; };
		ECADD133188AD23E004736E1 /* R4Material.h */ = {isa = PBXFileReference; fileEncoding = 4; lastKnownFileType = sourcecode.c.h; path = R4Material.h; sourceTree = "<group>"; };
		ECADD134188AD23E004736E1 /* R4Material.m */ = {isa = PBXFileReference; fileEncoding = 4; lastKnownFileType = sourcecode.c.objc; path = R4Material.m; sourceTree = "<group>"; };
		ECADD136188AD262004736E1 /* R4Pass.h */ = {isa = PBXFileReference; fileEncoding = 4; lastKnownFileType = sourcecode.c.h; path = R4Pass.h; sourceTree = "<group>"; };
		ECADD137188AD262004736E1 /* R4Pass.m */ = {isa = PBXFileReference; fileEncoding = 4; lastKnownFileType = sourcecode.c.objc; path = R4Pass.m; sourceTree = "<group>"; };
		ECADD13A188AD2A2004736E1 /* R4TextureUnit.h */ = {isa = PBXFileReference; fileEncoding = 4; lastKnownFileType = sourcecode.c.h; path = R4TextureUnit.h; sourceTree = "<group>"; };
		ECADD13B188AD2A2004736E1 /* R4TextureUnit.m */ = {isa = PBXFileReference; fileEncoding = 4; lastKnownFileType = sourcecode.c.objc; path = R4TextureUnit.m; sourceTree = "<group>"; };
		ECADD13D188AD6BF004736E1 /* R4Technique.h */ = {isa = PBXFileReference; fileEncoding = 4; lastKnownFileType = sourcecode.c.h; path = R4Technique.h; sourceTree = "<group>"; };
		ECADD13E188AD6BF004736E1 /* R4Technique.m */ = {isa = PBXFileReference; fileEncoding = 4; lastKnownFileType = sourcecode.c.objc; path = R4Technique.m; sourceTree = "<group>"; };
		ECADD140188ADC31004736E1 /* R4Program.h */ = {isa = PBXFileReference; fileEncoding = 4; lastKnownFileType = sourcecode.c.h; path = R4Program.h; sourceTree = "<group>"; };
		ECADD141188ADC31004736E1 /* R4Program.m */ = {isa = PBXFileReference; fileEncoding = 4; lastKnownFileType = sourcecode.c.objc; path = R4Program.m; sourceTree = "<group>"; };
		ECADD143188ADC3C004736E1 /* R4Shader.h */ = {isa = PBXFileReference; fileEncoding = 4; lastKnownFileType = sourcecode.c.h; path = R4Shader.h; sourceTree = "<group>"; };
		ECADD144188ADC3C004736E1 /* R4Shader.m */ = {isa = PBXFileReference; fileEncoding = 4; lastKnownFileType = sourcecode.c.objc; path = R4Shader.m; sourceTree = "<group>"; };
		ECC12C53188BECB4001FE263 /* BlinnPhongShader.vsh */ = {isa = PBXFileReference; fileEncoding = 4; lastKnownFileType = sourcecode.glsl; name = BlinnPhongShader.vsh; path = Shaders/BlinnPhongShader.vsh; sourceTree = "<group>"; };
		ECC12C54188BECB4001FE263 /* BlinnPhongShader.fsh */ = {isa = PBXFileReference; fileEncoding = 4; lastKnownFileType = sourcecode.glsl; name = BlinnPhongShader.fsh; path = Shaders/BlinnPhongShader.fsh; sourceTree = "<group>"; };
		ECC12C56188C11B8001FE263 /* PlainShader.vsh */ = {isa = PBXFileReference; lastKnownFileType = sourcecode.glsl; name = PlainShader.vsh; path = Shaders/PlainShader.vsh; sourceTree = "<group>"; };
		ECC12C57188C11B8001FE263 /* PlainShader.fsh */ = {isa = PBXFileReference; lastKnownFileType = sourcecode.glsl; name = PlainShader.fsh; path = Shaders/PlainShader.fsh; sourceTree = "<group>"; };
		ECC524391895507200D00510 /* R4Drawable.h */ = {isa = PBXFileReference; lastKnownFileType = sourcecode.c.h; path = R4Drawable.h; sourceTree = "<group>"; };
		ECC58D0C17F8505600BBAD28 /* libR4.a */ = {isa = PBXFileReference; explicitFileType = archive.ar; includeInIndex = 0; path = libR4.a; sourceTree = BUILT_PRODUCTS_DIR; };
		ECC58D0F17F8505600BBAD28 /* Foundation.framework */ = {isa = PBXFileReference; lastKnownFileType = wrapper.framework; name = Foundation.framework; path = System/Library/Frameworks/Foundation.framework; sourceTree = SDKROOT; };
		ECC58D1317F8505600BBAD28 /* R4-Prefix.pch */ = {isa = PBXFileReference; lastKnownFileType = sourcecode.c.h; path = "R4-Prefix.pch"; sourceTree = "<group>"; };
		ECC58D1417F8505600BBAD28 /* R4Base.h */ = {isa = PBXFileReference; lastKnownFileType = sourcecode.c.h; path = R4Base.h; sourceTree = "<group>"; };
		ECC58D2017F8505700BBAD28 /* UIKit.framework */ = {isa = PBXFileReference; lastKnownFileType = wrapper.framework; name = UIKit.framework; path = Library/Frameworks/UIKit.framework; sourceTree = DEVELOPER_DIR; };
		ECC58D3517F8508000BBAD28 /* GLKit.framework */ = {isa = PBXFileReference; lastKnownFileType = wrapper.framework; name = GLKit.framework; path = System/Library/Frameworks/GLKit.framework; sourceTree = SDKROOT; };
		ECC58D3617F8508000BBAD28 /* OpenGLES.framework */ = {isa = PBXFileReference; lastKnownFileType = wrapper.framework; name = OpenGLES.framework; path = System/Library/Frameworks/OpenGLES.framework; sourceTree = SDKROOT; };
		ECC58D4117F8519900BBAD28 /* R4View.h */ = {isa = PBXFileReference; fileEncoding = 4; lastKnownFileType = sourcecode.c.h; path = R4View.h; sourceTree = "<group>"; };
		ECC58D4217F8519900BBAD28 /* R4View.m */ = {isa = PBXFileReference; fileEncoding = 4; lastKnownFileType = sourcecode.c.objc; path = R4View.m; sourceTree = "<group>"; };
		ECC58D4417F8521900BBAD28 /* R4Node.h */ = {isa = PBXFileReference; fileEncoding = 4; lastKnownFileType = sourcecode.c.h; path = R4Node.h; sourceTree = "<group>"; };
		ECC58D4517F8521900BBAD28 /* R4Node.m */ = {isa = PBXFileReference; fileEncoding = 4; lastKnownFileType = sourcecode.c.objc; path = R4Node.m; sourceTree = "<group>"; };
		ECC58D4717F8524F00BBAD28 /* R4Scene.h */ = {isa = PBXFileReference; fileEncoding = 4; lastKnownFileType = sourcecode.c.h; path = R4Scene.h; sourceTree = "<group>"; };
		ECC58D4817F8524F00BBAD28 /* R4Scene.m */ = {isa = PBXFileReference; fileEncoding = 4; lastKnownFileType = sourcecode.c.objc; path = R4Scene.m; sourceTree = "<group>"; };
		ECC58D4A17F8531B00BBAD28 /* R4Transition.h */ = {isa = PBXFileReference; fileEncoding = 4; lastKnownFileType = sourcecode.c.h; path = R4Transition.h; sourceTree = "<group>"; };
		ECC58D4B17F8531B00BBAD28 /* R4Transition.m */ = {isa = PBXFileReference; fileEncoding = 4; lastKnownFileType = sourcecode.c.objc; path = R4Transition.m; sourceTree = "<group>"; };
		ECC58D4D17F8538900BBAD28 /* R4Texture.h */ = {isa = PBXFileReference; fileEncoding = 4; lastKnownFileType = sourcecode.c.h; path = R4Texture.h; sourceTree = "<group>"; };
		ECC58D4E17F8538900BBAD28 /* R4Texture.m */ = {isa = PBXFileReference; fileEncoding = 4; lastKnownFileType = sourcecode.c.objc; path = R4Texture.m; sourceTree = "<group>"; };
		ECC58D5617F8639800BBAD28 /* R4ViewPrivate.h */ = {isa = PBXFileReference; lastKnownFileType = sourcecode.c.h; path = R4ViewPrivate.h; sourceTree = "<group>"; };
		ECC58D5717F866A100BBAD28 /* R4Renderer.h */ = {isa = PBXFileReference; fileEncoding = 4; lastKnownFileType = sourcecode.c.h; path = R4Renderer.h; sourceTree = "<group>"; };
		ECC58D5817F866A100BBAD28 /* R4Renderer.m */ = {isa = PBXFileReference; fileEncoding = 4; lastKnownFileType = sourcecode.c.objc; path = R4Renderer.m; sourceTree = "<group>"; };
		ECDE15BC188C31F5008EA3A1 /* R4Mesh.h */ = {isa = PBXFileReference; fileEncoding = 4; lastKnownFileType = sourcecode.c.h; path = R4Mesh.h; sourceTree = "<group>"; };
		ECDE15BD188C31F5008EA3A1 /* R4Mesh.mm */ = {isa = PBXFileReference; fileEncoding = 4; lastKnownFileType = sourcecode.cpp.objcpp; path = R4Mesh.mm; sourceTree = "<group>"; };
		ECDE15BF188C3262008EA3A1 /* R4EntityNode.h */ = {isa = PBXFileReference; fileEncoding = 4; lastKnownFileType = sourcecode.c.h; path = R4EntityNode.h; sourceTree = "<group>"; };
		ECDE15C0188C3262008EA3A1 /* R4EntityNode.m */ = {isa = PBXFileReference; fileEncoding = 4; lastKnownFileType = sourcecode.c.objc; path = R4EntityNode.m; sourceTree = "<group>"; };
/* End PBXFileReference section */

/* Begin PBXFrameworksBuildPhase section */
		ECC58D0917F8505600BBAD28 /* Frameworks */ = {
			isa = PBXFrameworksBuildPhase;
			buildActionMask = 2147483647;
			files = (
				ECC58D3717F8508000BBAD28 /* GLKit.framework in Frameworks */,
				ECC58D3817F8508000BBAD28 /* OpenGLES.framework in Frameworks */,
				ECC58D1017F8505600BBAD28 /* Foundation.framework in Frameworks */,
			);
			runOnlyForDeploymentPostprocessing = 0;
		};
/* End PBXFrameworksBuildPhase section */

/* Begin PBXGroup section */
		EC5BB398180067E100AB7FE8 /* R4Action */ = {
			isa = PBXGroup;
			children = (
				EC5BB3951800672F00AB7FE8 /* R4Action.h */,
				EC5BB3991800681100AB7FE8 /* R4ActionPrivate.h */,
				EC5BB3961800672F00AB7FE8 /* R4Action.m */,
				EC4A9439181BB41B008B9DC4 /* R4MoveAction.h */,
				EC4A943A181BB41B008B9DC4 /* R4MoveAction.m */,
				EC5BB39D180069A900AB7FE8 /* R4ScaleAction.h */,
				EC5BB39E180069A900AB7FE8 /* R4ScaleAction.m */,
				EC5BB3A018006B6D00AB7FE8 /* R4RepeatAction.h */,
				EC5BB3A118006B6D00AB7FE8 /* R4RepeatAction.m */,
				EC4A943C181BC2AF008B9DC4 /* R4SequenceAction.h */,
				EC4A943D181BC2AF008B9DC4 /* R4SequenceAction.m */,
			);
			name = R4Action;
			sourceTree = "<group>";
		};
		ECA9C2E0186BABC00073A61B /* Shaders */ = {
			isa = PBXGroup;
			children = (
				ECA3D12D186B96A500D92087 /* R4Shaders.h */,
				ECA9C2E2186BABCE0073A61B /* ParticleShader.vsh */,
				ECA9C2E1186BABCE0073A61B /* ParticleShader.fsh */,
				ECC12C53188BECB4001FE263 /* BlinnPhongShader.vsh */,
				ECC12C54188BECB4001FE263 /* BlinnPhongShader.fsh */,
				ECC12C56188C11B8001FE263 /* PlainShader.vsh */,
				ECC12C57188C11B8001FE263 /* PlainShader.fsh */,
			);
			name = Shaders;
			sourceTree = "<group>";
		};
		ECADD139188AD273004736E1 /* Rendering System */ = {
			isa = PBXGroup;
			children = (
				ECA9C2E0186BABC00073A61B /* Shaders */,
				ECADD143188ADC3C004736E1 /* R4Shader.h */,
				ECADD144188ADC3C004736E1 /* R4Shader.m */,
				EC9EBEAE189D28150071C0EA /* R4ProgramManager.h */,
				EC9EBEAF189D28150071C0EA /* R4ProgramManager.m */,
				ECADD140188ADC31004736E1 /* R4Program.h */,
				ECADD141188ADC31004736E1 /* R4Program.m */,
				ECADD133188AD23E004736E1 /* R4Material.h */,
				ECADD134188AD23E004736E1 /* R4Material.m */,
				ECADD13D188AD6BF004736E1 /* R4Technique.h */,
				ECADD13E188AD6BF004736E1 /* R4Technique.m */,
				ECADD136188AD262004736E1 /* R4Pass.h */,
				ECADD137188AD262004736E1 /* R4Pass.m */,
				ECADD13A188AD2A2004736E1 /* R4TextureUnit.h */,
				ECADD13B188AD2A2004736E1 /* R4TextureUnit.m */,
				ECC524391895507200D00510 /* R4Drawable.h */,
				ECC58D5717F866A100BBAD28 /* R4Renderer.h */,
				ECC58D5817F866A100BBAD28 /* R4Renderer.m */,
			);
			name = "Rendering System";
			sourceTree = "<group>";
		};
		ECBE45E618905444000E88D6 /* Resources */ = {
			isa = PBXGroup;
			children = (
				ECDE15BC188C31F5008EA3A1 /* R4Mesh.h */,
				ECDE15BD188C31F5008EA3A1 /* R4Mesh.mm */,
				ECC58D4D17F8538900BBAD28 /* R4Texture.h */,
				ECC58D4E17F8538900BBAD28 /* R4Texture.m */,
			);
			name = Resources;
			sourceTree = "<group>";
		};
		ECC58D0317F8505600BBAD28 = {
			isa = PBXGroup;
			children = (
				ECC58D1117F8505600BBAD28 /* R4 */,
				ECC58D0E17F8505600BBAD28 /* Frameworks */,
				ECC58D0D17F8505600BBAD28 /* Products */,
			);
			sourceTree = "<group>";
		};
		ECC58D0D17F8505600BBAD28 /* Products */ = {
			isa = PBXGroup;
			children = (
				ECC58D0C17F8505600BBAD28 /* libR4.a */,
			);
			name = Products;
			sourceTree = "<group>";
		};
		ECC58D0E17F8505600BBAD28 /* Frameworks */ = {
			isa = PBXGroup;
			children = (
				ECC58D3517F8508000BBAD28 /* GLKit.framework */,
				ECC58D3617F8508000BBAD28 /* OpenGLES.framework */,
				ECC58D0F17F8505600BBAD28 /* Foundation.framework */,
				ECC58D2017F8505700BBAD28 /* UIKit.framework */,
			);
			name = Frameworks;
			sourceTree = "<group>";
		};
		ECC58D1117F8505600BBAD28 /* R4 */ = {
			isa = PBXGroup;
			children = (
				ECC58D1417F8505600BBAD28 /* R4Base.h */,
				ECBE45E618905444000E88D6 /* Resources */,
				ECADD139188AD273004736E1 /* Rendering System */,
				EC5BB398180067E100AB7FE8 /* R4Action */,
				ECC58D4117F8519900BBAD28 /* R4View.h */,
				ECC58D5617F8639800BBAD28 /* R4ViewPrivate.h */,
				ECC58D4217F8519900BBAD28 /* R4View.m */,
				ECC58D4417F8521900BBAD28 /* R4Node.h */,
				EC6FD69F17F8777300ED6AAA /* R4NodePrivate.h */,
				ECC58D4517F8521900BBAD28 /* R4Node.m */,
				ECC58D4717F8524F00BBAD28 /* R4Scene.h */,
				EC0C8F8617F89D5700E8B229 /* R4ScenePrivate.h */,
				ECC58D4817F8524F00BBAD28 /* R4Scene.m */,
				EC0C194C1837E46A00148E7B /* R4CameraNode.h */,
				EC0C194F1837E67400148E7B /* R4CameraNodePrivate.h */,
				EC0C194D1837E46A00148E7B /* R4Camera.m */,
				ECDE15BF188C3262008EA3A1 /* R4EntityNode.h */,
				ECDE15C0188C3262008EA3A1 /* R4EntityNode.m */,
				EC678736186B08CC009921C2 /* R4LightNode.h */,
				EC678739186B0ACD009921C2 /* R4LightNodePrivate.h */,
				EC678737186B08CC009921C2 /* R4LightNode.m */,
				EC3D8EA9186B50AD00CFA6B1 /* R4EmitterNode.h */,
				EC3D8EAF186B6CD500CFA6B1 /* R4EmitterNodePrivate.h */,
				EC3D8EAA186B50AD00CFA6B1 /* R4EmitterNode.m */,
				ECC58D4A17F8531B00BBAD28 /* R4Transition.h */,
				ECC58D4B17F8531B00BBAD28 /* R4Transition.m */,
				ECC58D1217F8505600BBAD28 /* Supporting Files */,
			);
			path = R4;
			sourceTree = "<group>";
		};
		ECC58D1217F8505600BBAD28 /* Supporting Files */ = {
			isa = PBXGroup;
			children = (
				ECC58D1317F8505600BBAD28 /* R4-Prefix.pch */,
			);
			name = "Supporting Files";
			sourceTree = "<group>";
		};
/* End PBXGroup section */

/* Begin PBXNativeTarget section */
		ECC58D0B17F8505600BBAD28 /* R4 */ = {
			isa = PBXNativeTarget;
			buildConfigurationList = ECC58D2F17F8505700BBAD28 /* Build configuration list for PBXNativeTarget "R4" */;
			buildPhases = (
				ECA9C2DF186B97BA0073A61B /* ShellScript */,
				ECC58D0817F8505600BBAD28 /* Sources */,
				ECC58D0917F8505600BBAD28 /* Frameworks */,
				ECC58D0A17F8505600BBAD28 /* CopyFiles */,
			);
			buildRules = (
			);
			dependencies = (
			);
			name = R4;
			productName = R4;
			productReference = ECC58D0C17F8505600BBAD28 /* libR4.a */;
			productType = "com.apple.product-type.library.static";
		};
/* End PBXNativeTarget section */

/* Begin PBXProject section */
		ECC58D0417F8505600BBAD28 /* Project object */ = {
			isa = PBXProject;
			attributes = {
				LastUpgradeCheck = 0500;
				ORGANIZATIONNAME = "Srđan Rašić";
			};
			buildConfigurationList = ECC58D0717F8505600BBAD28 /* Build configuration list for PBXProject "R4" */;
			compatibilityVersion = "Xcode 3.2";
			developmentRegion = English;
			hasScannedForEncodings = 0;
			knownRegions = (
				en,
			);
			mainGroup = ECC58D0317F8505600BBAD28;
			productRefGroup = ECC58D0D17F8505600BBAD28 /* Products */;
			projectDirPath = "";
			projectRoot = "";
			targets = (
				ECC58D0B17F8505600BBAD28 /* R4 */,
			);
		};
/* End PBXProject section */

/* Begin PBXShellScriptBuildPhase section */
		ECA9C2DF186B97BA0073A61B /* ShellScript */ = {
			isa = PBXShellScriptBuildPhase;
			buildActionMask = 2147483647;
			files = (
			);
			inputPaths = (
			);
			outputPaths = (
			);
			runOnlyForDeploymentPostprocessing = 0;
			shellPath = /bin/sh;
			shellScript = "OUT=\"${SRCROOT}/R4/R4Shaders.h\"\necho -e \"\\n/* File autocompiled from shader files in Shaders/ directory. Changes to this file will be overriden on build! */\\n\\n\" > $OUT\nfor file in $(ls \"${SRCROOT}/R4/Shaders/\"); do\n    echo -n \"static NSString * const ${file##*.}${file%.*}SourceString = @\\\"\" >> $OUT;\n    cat \"${SRCROOT}/R4/Shaders/${file}\" | sed -e 's://.*::g' -e '/^$/d' | sed 's:\\\":\\\\\\\":g' | tr '\\n' ' ' >> $OUT;\n    echo -e \"\\\";\\n\" >> $OUT;\ndone;\n            \necho \"#define BUILD_TIME_SHADERS_MAP @{\\\\\" >> $OUT\nfor file in $(ls \"${SRCROOT}/R4/Shaders/\"); do\n    echo -n \"  @\\\"${file##*.}${file%.*}\\\": ${file##*.}${file%.*}SourceString\" >> $OUT;\n    echo -e \",\\\\\" >> $OUT;\ndone;\necho \"  @\\\"null\\\": @\\\"null\\\" }\" >> $OUT\n";
		};
/* End PBXShellScriptBuildPhase section */

/* Begin PBXSourcesBuildPhase section */
		ECC58D0817F8505600BBAD28 /* Sources */ = {
			isa = PBXSourcesBuildPhase;
			buildActionMask = 2147483647;
			files = (
				ECC58D4F17F8538900BBAD28 /* R4Texture.m in Sources */,
				EC5BB39F180069A900AB7FE8 /* R4ScaleAction.m in Sources */,
				ECE91899186C7ED4000E11A7 /* R4EmitterNode.m in Sources */,
				ECDE15BE188C31F5008EA3A1 /* R4Mesh.mm in Sources */,
				EC9EBEB0189D28150071C0EA /* R4ProgramManager.m in Sources */,
				ECADD135188AD23E004736E1 /* R4Material.m in Sources */,
				EC5BB3971800672F00AB7FE8 /* R4Action.m in Sources */,
				ECC58D4917F8524F00BBAD28 /* R4Scene.m in Sources */,
				ECC58D4317F8519900BBAD28 /* R4View.m in Sources */,
				ECADD138188AD262004736E1 /* R4Pass.m in Sources */,
				ECC58D4C17F8531B00BBAD28 /* R4Transition.m in Sources */,
				EC0C194E1837E46A00148E7B /* R4Camera.m in Sources */,
				ECADD13C188AD2A2004736E1 /* R4TextureUnit.m in Sources */,
				ECADD142188ADC31004736E1 /* R4Program.m in Sources */,
				EC4A943E181BC2AF008B9DC4 /* R4SequenceAction.m in Sources */,
				EC5BB3A218006B6D00AB7FE8 /* R4RepeatAction.m in Sources */,
				ECC58D4617F8521900BBAD28 /* R4Node.m in Sources */,
				ECC58D5917F866A100BBAD28 /* R4Renderer.m in Sources */,
				EC4A943B181BB41B008B9DC4 /* R4MoveAction.m in Sources */,
				ECADD146188ADE89004736E1 /* R4Shader.m in Sources */,
				ECDE15C1188C3262008EA3A1 /* R4EntityNode.m in Sources */,
				EC678738186B08CC009921C2 /* R4LightNode.m in Sources */,
				ECADD13F188AD6BF004736E1 /* R4Technique.m in Sources */,
			);
			runOnlyForDeploymentPostprocessing = 0;
		};
/* End PBXSourcesBuildPhase section */

/* Begin XCBuildConfiguration section */
		ECC58D2D17F8505700BBAD28 /* Debug */ = {
			isa = XCBuildConfiguration;
			buildSettings = {
				ALWAYS_SEARCH_USER_PATHS = NO;
				ARCHS = "$(ARCHS_STANDARD_INCLUDING_64_BIT)";
				CLANG_CXX_LANGUAGE_STANDARD = "gnu++0x";
				CLANG_CXX_LIBRARY = "libc++";
				CLANG_ENABLE_MODULES = YES;
				CLANG_ENABLE_OBJC_ARC = YES;
				CLANG_WARN_BOOL_CONVERSION = YES;
				CLANG_WARN_CONSTANT_CONVERSION = YES;
				CLANG_WARN_DIRECT_OBJC_ISA_USAGE = YES_ERROR;
				CLANG_WARN_EMPTY_BODY = YES;
				CLANG_WARN_ENUM_CONVERSION = YES;
				CLANG_WARN_INT_CONVERSION = YES;
				CLANG_WARN_OBJC_ROOT_CLASS = YES_ERROR;
				CLANG_WARN__DUPLICATE_METHOD_MATCH = YES;
				CODE_SIGN_IDENTITY = "iPhone Developer";
				COPY_PHASE_STRIP = NO;
				GCC_C_LANGUAGE_STANDARD = gnu99;
				GCC_DYNAMIC_NO_PIC = NO;
				GCC_OPTIMIZATION_LEVEL = 0;
				GCC_PREPROCESSOR_DEFINITIONS = (
					"DEBUG=1",
					"$(inherited)",
				);
				GCC_SYMBOLS_PRIVATE_EXTERN = NO;
				GCC_WARN_64_TO_32_BIT_CONVERSION = YES;
				GCC_WARN_ABOUT_RETURN_TYPE = YES_ERROR;
				GCC_WARN_UNDECLARED_SELECTOR = YES;
				GCC_WARN_UNINITIALIZED_AUTOS = YES;
				GCC_WARN_UNUSED_FUNCTION = YES;
				GCC_WARN_UNUSED_VARIABLE = YES;
				IPHONEOS_DEPLOYMENT_TARGET = 6.0;
				ONLY_ACTIVE_ARCH = YES;
				SDKROOT = iphoneos;
			};
			name = Debug;
		};
		ECC58D2E17F8505700BBAD28 /* Release */ = {
			isa = XCBuildConfiguration;
			buildSettings = {
				ALWAYS_SEARCH_USER_PATHS = NO;
				ARCHS = "$(ARCHS_STANDARD_INCLUDING_64_BIT)";
				CLANG_CXX_LANGUAGE_STANDARD = "gnu++0x";
				CLANG_CXX_LIBRARY = "libc++";
				CLANG_ENABLE_MODULES = YES;
				CLANG_ENABLE_OBJC_ARC = YES;
				CLANG_WARN_BOOL_CONVERSION = YES;
				CLANG_WARN_CONSTANT_CONVERSION = YES;
				CLANG_WARN_DIRECT_OBJC_ISA_USAGE = YES_ERROR;
				CLANG_WARN_EMPTY_BODY = YES;
				CLANG_WARN_ENUM_CONVERSION = YES;
				CLANG_WARN_INT_CONVERSION = YES;
				CLANG_WARN_OBJC_ROOT_CLASS = YES_ERROR;
				CLANG_WARN__DUPLICATE_METHOD_MATCH = YES;
				CODE_SIGN_IDENTITY = "iPhone Developer";
				COPY_PHASE_STRIP = YES;
				ENABLE_NS_ASSERTIONS = NO;
				GCC_C_LANGUAGE_STANDARD = gnu99;
				GCC_WARN_64_TO_32_BIT_CONVERSION = YES;
				GCC_WARN_ABOUT_RETURN_TYPE = YES_ERROR;
				GCC_WARN_UNDECLARED_SELECTOR = YES;
				GCC_WARN_UNINITIALIZED_AUTOS = YES;
				GCC_WARN_UNUSED_FUNCTION = YES;
				GCC_WARN_UNUSED_VARIABLE = YES;
				IPHONEOS_DEPLOYMENT_TARGET = 6.0;
				SDKROOT = iphoneos;
				VALIDATE_PRODUCT = YES;
			};
			name = Release;
		};
		ECC58D3017F8505700BBAD28 /* Debug */ = {
			isa = XCBuildConfiguration;
			buildSettings = {
				ARCHS = "$(ARCHS_STANDARD)";
				CODE_SIGN_ENTITLEMENTS = "";
				CODE_SIGN_IDENTITY = "iPhone Developer";
				DSTROOT = /tmp/R4.dst;
				GCC_PRECOMPILE_PREFIX_HEADER = YES;
				GCC_PREFIX_HEADER = "R4/R4-Prefix.pch";
				OTHER_LDFLAGS = "-ObjC";
				PRODUCT_NAME = "$(TARGET_NAME)";
				PROVISIONING_PROFILE = "F36A73F1-B445-4DA1-B44D-7173829DB6CB";
				SKIP_INSTALL = YES;
			};
			name = Debug;
		};
		ECC58D3117F8505700BBAD28 /* Release */ = {
			isa = XCBuildConfiguration;
			buildSettings = {
				ARCHS = "$(ARCHS_STANDARD)";
				CODE_SIGN_ENTITLEMENTS = "";
				CODE_SIGN_IDENTITY = "iPhone Developer";
				DSTROOT = /tmp/R4.dst;
				GCC_PRECOMPILE_PREFIX_HEADER = YES;
				GCC_PREFIX_HEADER = "R4/R4-Prefix.pch";
				OTHER_LDFLAGS = "-ObjC";
				PRODUCT_NAME = "$(TARGET_NAME)";
				PROVISIONING_PROFILE = "F36A73F1-B445-4DA1-B44D-7173829DB6CB";
				SKIP_INSTALL = YES;
			};
			name = Release;
		};
/* End XCBuildConfiguration section */

/* Begin XCConfigurationList section */
		ECC58D0717F8505600BBAD28 /* Build configuration list for PBXProject "R4" */ = {
			isa = XCConfigurationList;
			buildConfigurations = (
				ECC58D2D17F8505700BBAD28 /* Debug */,
				ECC58D2E17F8505700BBAD28 /* Release */,
			);
			defaultConfigurationIsVisible = 0;
			defaultConfigurationName = Release;
		};
		ECC58D2F17F8505700BBAD28 /* Build configuration list for PBXNativeTarget "R4" */ = {
			isa = XCConfigurationList;
			buildConfigurations = (
				ECC58D3017F8505700BBAD28 /* Debug */,
				ECC58D3117F8505700BBAD28 /* Release */,
			);
			defaultConfigurationIsVisible = 0;
			defaultConfigurationName = Release;
		};
/* End XCConfigurationList section */
	};
	rootObject = ECC58D0417F8505600BBAD28 /* Project object */;
}
