// !$*UTF8*$!
{
	archiveVersion = 1;
	classes = {
	};
	objectVersion = 46;
	objects = {

/* Begin PBXAggregateTarget section */
		EC74507F18AFC01200C5E36E /* Common scripts */ = {
			isa = PBXAggregateTarget;
			buildConfigurationList = EC74508218AFC01300C5E36E /* Build configuration list for PBXAggregateTarget "Common scripts" */;
			buildPhases = (
				EC74508318AFC04400C5E36E /* ShellScript */,
				EC74508418AFC05300C5E36E /* ShellScript */,
			);
			dependencies = (
			);
			name = "Common scripts";
			productName = "Common scripts";
		};
		EC87C4A5189ECE7B00487304 /* Documentation */ = {
			isa = PBXAggregateTarget;
			buildConfigurationList = EC87C4A8189ECE7B00487304 /* Build configuration list for PBXAggregateTarget "Documentation" */;
			buildPhases = (
				EC87C4A9189ECEAC00487304 /* ShellScript */,
			);
			dependencies = (
			);
			name = Documentation;
			productName = Documentation;
		};
/* End PBXAggregateTarget section */

/* Begin PBXBuildFile section */
		EC0C194E1837E46A00148E7B /* R4CameraNode.m in Sources */ = {isa = PBXBuildFile; fileRef = EC0C194D1837E46A00148E7B /* R4CameraNode.m */; };
		EC4A943B181BB41B008B9DC4 /* R4MoveAction.m in Sources */ = {isa = PBXBuildFile; fileRef = EC4A943A181BB41B008B9DC4 /* R4MoveAction.m */; };
		EC4A943E181BC2AF008B9DC4 /* R4SequenceAction.m in Sources */ = {isa = PBXBuildFile; fileRef = EC4A943D181BC2AF008B9DC4 /* R4SequenceAction.m */; };
		EC5BB3971800672F00AB7FE8 /* R4Action.m in Sources */ = {isa = PBXBuildFile; fileRef = EC5BB3961800672F00AB7FE8 /* R4Action.m */; };
		EC5BB39F180069A900AB7FE8 /* R4ScaleAction.m in Sources */ = {isa = PBXBuildFile; fileRef = EC5BB39E180069A900AB7FE8 /* R4ScaleAction.m */; };
		EC5BB3A218006B6D00AB7FE8 /* R4RepeatAction.m in Sources */ = {isa = PBXBuildFile; fileRef = EC5BB3A118006B6D00AB7FE8 /* R4RepeatAction.m */; };
		EC5D9E8E18A788F900AFB2D3 /* R4ADSPass.m in Sources */ = {isa = PBXBuildFile; fileRef = EC5D9E8D18A788F900AFB2D3 /* R4ADSPass.m */; };
		EC678738186B08CC009921C2 /* R4LightNode.m in Sources */ = {isa = PBXBuildFile; fileRef = EC678737186B08CC009921C2 /* R4LightNode.m */; };
		EC74505518AFB6FA00C5E36E /* R4Texture.m in Sources */ = {isa = PBXBuildFile; fileRef = ECC58D4E17F8538900BBAD28 /* R4Texture.m */; };
		EC74505618AFB6FA00C5E36E /* R4ScaleAction.m in Sources */ = {isa = PBXBuildFile; fileRef = EC5BB39E180069A900AB7FE8 /* R4ScaleAction.m */; };
		EC74505718AFB6FA00C5E36E /* R4EmitterNode.m in Sources */ = {isa = PBXBuildFile; fileRef = EC3D8EAA186B50AD00CFA6B1 /* R4EmitterNode.m */; };
		EC74505818AFB6FA00C5E36E /* R4Mesh.mm in Sources */ = {isa = PBXBuildFile; fileRef = ECDE15BD188C31F5008EA3A1 /* R4Mesh.mm */; };
		EC74505918AFB6FA00C5E36E /* R4DrawState.m in Sources */ = {isa = PBXBuildFile; fileRef = ECEA3BA4189D7F6E003DB77C /* R4DrawState.m */; };
		EC74505A18AFB6FA00C5E36E /* R4DefaultSceneManager.mm in Sources */ = {isa = PBXBuildFile; fileRef = ECEA3B9A189D6AD7003DB77C /* R4DefaultSceneManager.mm */; };
		EC74505B18AFB6FA00C5E36E /* R4ProgramManager.m in Sources */ = {isa = PBXBuildFile; fileRef = EC9EBEAF189D28150071C0EA /* R4ProgramManager.m */; };
		EC74505C18AFB6FA00C5E36E /* R4Material.m in Sources */ = {isa = PBXBuildFile; fileRef = ECADD134188AD23E004736E1 /* R4Material.m */; };
		EC74505D18AFB6FA00C5E36E /* R4Action.m in Sources */ = {isa = PBXBuildFile; fileRef = EC5BB3961800672F00AB7FE8 /* R4Action.m */; };
		EC74505E18AFB6FA00C5E36E /* R4Scene.m in Sources */ = {isa = PBXBuildFile; fileRef = ECC58D4817F8524F00BBAD28 /* R4Scene.m */; };
		EC74505F18AFB6FA00C5E36E /* R4ADSPass.m in Sources */ = {isa = PBXBuildFile; fileRef = EC5D9E8D18A788F900AFB2D3 /* R4ADSPass.m */; };
		EC74506018AFB6FA00C5E36E /* R4View.m in Sources */ = {isa = PBXBuildFile; fileRef = ECC58D4217F8519900BBAD28 /* R4View.m */; };
		EC74506118AFB6FA00C5E36E /* R4Pass.m in Sources */ = {isa = PBXBuildFile; fileRef = ECADD137188AD262004736E1 /* R4Pass.m */; };
		EC74506218AFB6FA00C5E36E /* R4ParticlePass.m in Sources */ = {isa = PBXBuildFile; fileRef = ECEA3BA1189D7A94003DB77C /* R4ParticlePass.m */; };
		EC74506318AFB6FA00C5E36E /* R4PlainPass.m in Sources */ = {isa = PBXBuildFile; fileRef = ECEA3B9E189D7616003DB77C /* R4PlainPass.m */; };
		EC74506418AFB6FA00C5E36E /* R4TextureManager.m in Sources */ = {isa = PBXBuildFile; fileRef = ECEA3B97189D648D003DB77C /* R4TextureManager.m */; };
		EC74506518AFB6FA00C5E36E /* R4CameraNode.m in Sources */ = {isa = PBXBuildFile; fileRef = EC0C194D1837E46A00148E7B /* R4CameraNode.m */; };
		EC74506618AFB6FA00C5E36E /* R4TextureUnit.m in Sources */ = {isa = PBXBuildFile; fileRef = ECADD13B188AD2A2004736E1 /* R4TextureUnit.m */; };
		EC74506718AFB6FA00C5E36E /* R4Program.m in Sources */ = {isa = PBXBuildFile; fileRef = ECADD141188ADC31004736E1 /* R4Program.m */; };
		EC74506818AFB6FA00C5E36E /* R4SequenceAction.m in Sources */ = {isa = PBXBuildFile; fileRef = EC4A943D181BC2AF008B9DC4 /* R4SequenceAction.m */; };
		EC74506918AFB6FA00C5E36E /* R4RepeatAction.m in Sources */ = {isa = PBXBuildFile; fileRef = EC5BB3A118006B6D00AB7FE8 /* R4RepeatAction.m */; };
		EC74506A18AFB6FA00C5E36E /* R4Node.m in Sources */ = {isa = PBXBuildFile; fileRef = ECC58D4517F8521900BBAD28 /* R4Node.m */; };
		EC74506B18AFB6FA00C5E36E /* R4PairKey.m in Sources */ = {isa = PBXBuildFile; fileRef = ECEA3B94189D605B003DB77C /* R4PairKey.m */; };
		EC74506C18AFB6FA00C5E36E /* R4Renderer.m in Sources */ = {isa = PBXBuildFile; fileRef = ECC58D5817F866A100BBAD28 /* R4Renderer.m */; };
		EC74506D18AFB6FA00C5E36E /* R4MoveAction.m in Sources */ = {isa = PBXBuildFile; fileRef = EC4A943A181BB41B008B9DC4 /* R4MoveAction.m */; };
		EC74506E18AFB6FA00C5E36E /* R4Shader.m in Sources */ = {isa = PBXBuildFile; fileRef = ECADD144188ADC3C004736E1 /* R4Shader.m */; };
		EC74506F18AFB6FA00C5E36E /* R4EntityNode.m in Sources */ = {isa = PBXBuildFile; fileRef = ECDE15C0188C3262008EA3A1 /* R4EntityNode.m */; };
		EC74507018AFB6FA00C5E36E /* R4LightNode.m in Sources */ = {isa = PBXBuildFile; fileRef = EC678737186B08CC009921C2 /* R4LightNode.m */; };
		EC74507118AFB6FA00C5E36E /* R4Technique.m in Sources */ = {isa = PBXBuildFile; fileRef = ECADD13E188AD6BF004736E1 /* R4Technique.m */; };
		EC74507318AFB6FA00C5E36E /* GLKit.framework in Frameworks */ = {isa = PBXBuildFile; fileRef = ECC58D3517F8508000BBAD28 /* GLKit.framework */; };
		EC74507418AFB6FA00C5E36E /* OpenGLES.framework in Frameworks */ = {isa = PBXBuildFile; fileRef = ECC58D3617F8508000BBAD28 /* OpenGLES.framework */; };
		EC74507518AFB6FA00C5E36E /* Foundation.framework in Frameworks */ = {isa = PBXBuildFile; fileRef = ECC58D0F17F8505600BBAD28 /* Foundation.framework */; };
		EC9EBEB0189D28150071C0EA /* R4ProgramManager.m in Sources */ = {isa = PBXBuildFile; fileRef = EC9EBEAF189D28150071C0EA /* R4ProgramManager.m */; };
		ECADD135188AD23E004736E1 /* R4Material.m in Sources */ = {isa = PBXBuildFile; fileRef = ECADD134188AD23E004736E1 /* R4Material.m */; };
		ECADD138188AD262004736E1 /* R4Pass.m in Sources */ = {isa = PBXBuildFile; fileRef = ECADD137188AD262004736E1 /* R4Pass.m */; };
		ECADD13C188AD2A2004736E1 /* R4TextureUnit.m in Sources */ = {isa = PBXBuildFile; fileRef = ECADD13B188AD2A2004736E1 /* R4TextureUnit.m */; };
		ECADD13F188AD6BF004736E1 /* R4Technique.m in Sources */ = {isa = PBXBuildFile; fileRef = ECADD13E188AD6BF004736E1 /* R4Technique.m */; };
		ECADD142188ADC31004736E1 /* R4Program.m in Sources */ = {isa = PBXBuildFile; fileRef = ECADD141188ADC31004736E1 /* R4Program.m */; };
		ECADD146188ADE89004736E1 /* R4Shader.m in Sources */ = {isa = PBXBuildFile; fileRef = ECADD144188ADC3C004736E1 /* R4Shader.m */; };
		ECC58D1017F8505600BBAD28 /* Foundation.framework in Frameworks */ = {isa = PBXBuildFile; fileRef = ECC58D0F17F8505600BBAD28 /* Foundation.framework */; };
		ECC58D1517F8505600BBAD28 /* R4Base.h in Copy Files */ = {isa = PBXBuildFile; fileRef = ECC58D1417F8505600BBAD28 /* R4Base.h */; };
		ECC58D3717F8508000BBAD28 /* GLKit.framework in Frameworks */ = {isa = PBXBuildFile; fileRef = ECC58D3517F8508000BBAD28 /* GLKit.framework */; };
		ECC58D3817F8508000BBAD28 /* OpenGLES.framework in Frameworks */ = {isa = PBXBuildFile; fileRef = ECC58D3617F8508000BBAD28 /* OpenGLES.framework */; };
		ECC58D4317F8519900BBAD28 /* R4View.m in Sources */ = {isa = PBXBuildFile; fileRef = ECC58D4217F8519900BBAD28 /* R4View.m */; };
		ECC58D4617F8521900BBAD28 /* R4Node.m in Sources */ = {isa = PBXBuildFile; fileRef = ECC58D4517F8521900BBAD28 /* R4Node.m */; };
		ECC58D4917F8524F00BBAD28 /* R4Scene.m in Sources */ = {isa = PBXBuildFile; fileRef = ECC58D4817F8524F00BBAD28 /* R4Scene.m */; };
		ECC58D4F17F8538900BBAD28 /* R4Texture.m in Sources */ = {isa = PBXBuildFile; fileRef = ECC58D4E17F8538900BBAD28 /* R4Texture.m */; };
		ECC58D5917F866A100BBAD28 /* R4Renderer.m in Sources */ = {isa = PBXBuildFile; fileRef = ECC58D5817F866A100BBAD28 /* R4Renderer.m */; };
		ECDE15BE188C31F5008EA3A1 /* R4Mesh.mm in Sources */ = {isa = PBXBuildFile; fileRef = ECDE15BD188C31F5008EA3A1 /* R4Mesh.mm */; };
		ECDE15C1188C3262008EA3A1 /* R4EntityNode.m in Sources */ = {isa = PBXBuildFile; fileRef = ECDE15C0188C3262008EA3A1 /* R4EntityNode.m */; };
		ECE91899186C7ED4000E11A7 /* R4EmitterNode.m in Sources */ = {isa = PBXBuildFile; fileRef = EC3D8EAA186B50AD00CFA6B1 /* R4EmitterNode.m */; };
		ECEA3B95189D605B003DB77C /* R4PairKey.m in Sources */ = {isa = PBXBuildFile; fileRef = ECEA3B94189D605B003DB77C /* R4PairKey.m */; };
		ECEA3B98189D648D003DB77C /* R4TextureManager.m in Sources */ = {isa = PBXBuildFile; fileRef = ECEA3B97189D648D003DB77C /* R4TextureManager.m */; };
		ECEA3B9B189D6AD7003DB77C /* R4DefaultSceneManager.mm in Sources */ = {isa = PBXBuildFile; fileRef = ECEA3B9A189D6AD7003DB77C /* R4DefaultSceneManager.mm */; };
		ECEA3B9F189D7616003DB77C /* R4PlainPass.m in Sources */ = {isa = PBXBuildFile; fileRef = ECEA3B9E189D7616003DB77C /* R4PlainPass.m */; };
		ECEA3BA2189D7A94003DB77C /* R4ParticlePass.m in Sources */ = {isa = PBXBuildFile; fileRef = ECEA3BA1189D7A94003DB77C /* R4ParticlePass.m */; };
		ECEA3BA5189D7F6E003DB77C /* R4DrawState.m in Sources */ = {isa = PBXBuildFile; fileRef = ECEA3BA4189D7F6E003DB77C /* R4DrawState.m */; };
/* End PBXBuildFile section */

/* Begin PBXContainerItemProxy section */
		EC74508518AFC06B00C5E36E /* PBXContainerItemProxy */ = {
			isa = PBXContainerItemProxy;
			containerPortal = ECC58D0417F8505600BBAD28 /* Project object */;
			proxyType = 1;
			remoteGlobalIDString = EC74507F18AFC01200C5E36E;
			remoteInfo = "Common scripts";
		};
		EC74508918AFC09800C5E36E /* PBXContainerItemProxy */ = {
			isa = PBXContainerItemProxy;
			containerPortal = ECC58D0417F8505600BBAD28 /* Project object */;
			proxyType = 1;
			remoteGlobalIDString = EC74507F18AFC01200C5E36E;
			remoteInfo = "Common scripts";
		};
/* End PBXContainerItemProxy section */

/* Begin PBXCopyFilesBuildPhase section */
		ECC58D0A17F8505600BBAD28 /* Copy Files */ = {
			isa = PBXCopyFilesBuildPhase;
			buildActionMask = 2147483647;
			dstPath = "include/$(PRODUCT_NAME)";
			dstSubfolderSpec = 16;
			files = (
				ECC58D1517F8505600BBAD28 /* R4Base.h in Copy Files */,
			);
			name = "Copy Files";
			runOnlyForDeploymentPostprocessing = 0;
		};
/* End PBXCopyFilesBuildPhase section */

/* Begin PBXFileReference section */
		EC0C194C1837E46A00148E7B /* R4CameraNode.h */ = {isa = PBXFileReference; fileEncoding = 4; lastKnownFileType = sourcecode.c.h; path = R4CameraNode.h; sourceTree = "<group>"; };
		EC0C194D1837E46A00148E7B /* R4CameraNode.m */ = {isa = PBXFileReference; fileEncoding = 4; lastKnownFileType = sourcecode.c.objc; path = R4CameraNode.m; sourceTree = "<group>"; };
		EC0C194F1837E67400148E7B /* R4CameraNodePrivate.h */ = {isa = PBXFileReference; lastKnownFileType = sourcecode.c.h; path = R4CameraNodePrivate.h; sourceTree = "<group>"; };
		EC0C8F8617F89D5700E8B229 /* R4ScenePrivate.h */ = {isa = PBXFileReference; lastKnownFileType = sourcecode.c.h; path = R4ScenePrivate.h; sourceTree = "<group>"; };
		EC3D8EA9186B50AD00CFA6B1 /* R4EmitterNode.h */ = {isa = PBXFileReference; fileEncoding = 4; lastKnownFileType = sourcecode.c.h; path = R4EmitterNode.h; sourceTree = "<group>"; };
		EC3D8EAA186B50AD00CFA6B1 /* R4EmitterNode.m */ = {isa = PBXFileReference; fileEncoding = 4; lastKnownFileType = sourcecode.c.objc; path = R4EmitterNode.m; sourceTree = "<group>"; };
		EC3D8EAF186B6CD500CFA6B1 /* R4EmitterNodePrivate.h */ = {isa = PBXFileReference; lastKnownFileType = sourcecode.c.h; path = R4EmitterNodePrivate.h; sourceTree = "<group>"; };
		EC4A9439181BB41B008B9DC4 /* R4MoveActionPrivate.h */ = {isa = PBXFileReference; fileEncoding = 4; lastKnownFileType = sourcecode.c.h; path = R4MoveActionPrivate.h; sourceTree = "<group>"; };
		EC4A943A181BB41B008B9DC4 /* R4MoveAction.m */ = {isa = PBXFileReference; fileEncoding = 4; lastKnownFileType = sourcecode.c.objc; path = R4MoveAction.m; sourceTree = "<group>"; };
		EC4A943C181BC2AF008B9DC4 /* R4SequenceActionPrivate.h */ = {isa = PBXFileReference; fileEncoding = 4; lastKnownFileType = sourcecode.c.h; path = R4SequenceActionPrivate.h; sourceTree = "<group>"; };
		EC4A943D181BC2AF008B9DC4 /* R4SequenceAction.m */ = {isa = PBXFileReference; fileEncoding = 4; lastKnownFileType = sourcecode.c.objc; path = R4SequenceAction.m; sourceTree = "<group>"; };
		EC5101B018AFB2F500F7964F /* R4.h */ = {isa = PBXFileReference; fileEncoding = 4; lastKnownFileType = sourcecode.c.h; path = R4.h; sourceTree = "<group>"; };
		EC5BB3951800672F00AB7FE8 /* R4Action.h */ = {isa = PBXFileReference; fileEncoding = 4; lastKnownFileType = sourcecode.c.h; path = R4Action.h; sourceTree = "<group>"; };
		EC5BB3961800672F00AB7FE8 /* R4Action.m */ = {isa = PBXFileReference; fileEncoding = 4; lastKnownFileType = sourcecode.c.objc; path = R4Action.m; sourceTree = "<group>"; };
		EC5BB3991800681100AB7FE8 /* R4ActionPrivate.h */ = {isa = PBXFileReference; lastKnownFileType = sourcecode.c.h; path = R4ActionPrivate.h; sourceTree = "<group>"; };
		EC5BB39D180069A900AB7FE8 /* R4ScaleActionPrivate.h */ = {isa = PBXFileReference; fileEncoding = 4; lastKnownFileType = sourcecode.c.h; path = R4ScaleActionPrivate.h; sourceTree = "<group>"; };
		EC5BB39E180069A900AB7FE8 /* R4ScaleAction.m */ = {isa = PBXFileReference; fileEncoding = 4; lastKnownFileType = sourcecode.c.objc; path = R4ScaleAction.m; sourceTree = "<group>"; };
		EC5BB3A018006B6D00AB7FE8 /* R4RepeatActionPrivate.h */ = {isa = PBXFileReference; fileEncoding = 4; lastKnownFileType = sourcecode.c.h; path = R4RepeatActionPrivate.h; sourceTree = "<group>"; };
		EC5BB3A118006B6D00AB7FE8 /* R4RepeatAction.m */ = {isa = PBXFileReference; fileEncoding = 4; lastKnownFileType = sourcecode.c.objc; path = R4RepeatAction.m; sourceTree = "<group>"; };
		EC5D9E8C18A788F900AFB2D3 /* R4ADSPass.h */ = {isa = PBXFileReference; fileEncoding = 4; lastKnownFileType = sourcecode.c.h; path = R4ADSPass.h; sourceTree = "<group>"; };
		EC5D9E8D18A788F900AFB2D3 /* R4ADSPass.m */ = {isa = PBXFileReference; fileEncoding = 4; lastKnownFileType = sourcecode.c.objc; path = R4ADSPass.m; sourceTree = "<group>"; };
		EC678736186B08CC009921C2 /* R4LightNode.h */ = {isa = PBXFileReference; fileEncoding = 4; lastKnownFileType = sourcecode.c.h; path = R4LightNode.h; sourceTree = "<group>"; };
		EC678737186B08CC009921C2 /* R4LightNode.m */ = {isa = PBXFileReference; fileEncoding = 4; lastKnownFileType = sourcecode.c.objc; path = R4LightNode.m; sourceTree = "<group>"; };
		EC678739186B0ACD009921C2 /* R4LightNodePrivate.h */ = {isa = PBXFileReference; lastKnownFileType = sourcecode.c.h; path = R4LightNodePrivate.h; sourceTree = "<group>"; };
		EC6FD69F17F8777300ED6AAA /* R4NodePrivate.h */ = {isa = PBXFileReference; lastKnownFileType = sourcecode.c.h; path = R4NodePrivate.h; sourceTree = "<group>"; };
		EC74507B18AFB6FA00C5E36E /* libR4.a */ = {isa = PBXFileReference; explicitFileType = archive.ar; includeInIndex = 0; path = libR4.a; sourceTree = BUILT_PRODUCTS_DIR; };
		EC87C49E189ECCC800487304 /* README.md */ = {isa = PBXFileReference; explicitFileType = sourcecode.cpp.h; fileEncoding = 4; path = README.md; sourceTree = "<group>"; xcLanguageSpecificationIdentifier = xcode.lang.html; };
		EC87C49F189ECCDA00487304 /* LICENSE */ = {isa = PBXFileReference; lastKnownFileType = text; path = LICENSE; sourceTree = "<group>"; };
		EC9EBEAE189D28150071C0EA /* R4ProgramManager.h */ = {isa = PBXFileReference; fileEncoding = 4; lastKnownFileType = sourcecode.c.h; path = R4ProgramManager.h; sourceTree = "<group>"; };
		EC9EBEAF189D28150071C0EA /* R4ProgramManager.m */ = {isa = PBXFileReference; fileEncoding = 4; lastKnownFileType = sourcecode.c.objc; path = R4ProgramManager.m; sourceTree = "<group>"; };
		ECA3D12D186B96A500D92087 /* R4BuildTimeShaders.h */ = {isa = PBXFileReference; lastKnownFileType = sourcecode.c.h; path = R4BuildTimeShaders.h; sourceTree = "<group>"; };
		ECA9C2E1186BABCE0073A61B /* ParticleShader.fsh */ = {isa = PBXFileReference; fileEncoding = 4; lastKnownFileType = sourcecode.glsl; name = ParticleShader.fsh; path = Shaders/ParticleShader.fsh; sourceTree = "<group>"; };
		ECA9C2E2186BABCE0073A61B /* ParticleShader.vsh */ = {isa = PBXFileReference; fileEncoding = 4; lastKnownFileType = sourcecode.glsl; name = ParticleShader.vsh; path = Shaders/ParticleShader.vsh; sourceTree = "<group>"; };
		ECADD133188AD23E004736E1 /* R4Material.h */ = {isa = PBXFileReference; fileEncoding = 4; lastKnownFileType = sourcecode.c.h; path = R4Material.h; sourceTree = "<group>"; };
		ECADD134188AD23E004736E1 /* R4Material.m */ = {isa = PBXFileReference; fileEncoding = 4; lastKnownFileType = sourcecode.c.objc; path = R4Material.m; sourceTree = "<group>"; };
		ECADD136188AD262004736E1 /* R4Pass.h */ = {isa = PBXFileReference; fileEncoding = 4; lastKnownFileType = sourcecode.c.h; path = R4Pass.h; sourceTree = "<group>"; };
		ECADD137188AD262004736E1 /* R4Pass.m */ = {isa = PBXFileReference; fileEncoding = 4; lastKnownFileType = sourcecode.c.objc; path = R4Pass.m; sourceTree = "<group>"; };
		ECADD13A188AD2A2004736E1 /* R4TextureUnit.h */ = {isa = PBXFileReference; fileEncoding = 4; lastKnownFileType = sourcecode.c.h; path = R4TextureUnit.h; sourceTree = "<group>"; };
		ECADD13B188AD2A2004736E1 /* R4TextureUnit.m */ = {isa = PBXFileReference; fileEncoding = 4; lastKnownFileType = sourcecode.c.objc; path = R4TextureUnit.m; sourceTree = "<group>"; };
		ECADD13D188AD6BF004736E1 /* R4Technique.h */ = {isa = PBXFileReference; fileEncoding = 4; lastKnownFileType = sourcecode.c.h; path = R4Technique.h; sourceTree = "<group>"; };
		ECADD13E188AD6BF004736E1 /* R4Technique.m */ = {isa = PBXFileReference; fileEncoding = 4; lastKnownFileType = sourcecode.c.objc; path = R4Technique.m; sourceTree = "<group>"; };
		ECADD140188ADC31004736E1 /* R4Program.h */ = {isa = PBXFileReference; fileEncoding = 4; lastKnownFileType = sourcecode.c.h; path = R4Program.h; sourceTree = "<group>"; };
		ECADD141188ADC31004736E1 /* R4Program.m */ = {isa = PBXFileReference; fileEncoding = 4; lastKnownFileType = sourcecode.c.objc; path = R4Program.m; sourceTree = "<group>"; };
		ECADD143188ADC3C004736E1 /* R4Shader.h */ = {isa = PBXFileReference; fileEncoding = 4; lastKnownFileType = sourcecode.c.h; path = R4Shader.h; sourceTree = "<group>"; };
		ECADD144188ADC3C004736E1 /* R4Shader.m */ = {isa = PBXFileReference; fileEncoding = 4; lastKnownFileType = sourcecode.c.objc; path = R4Shader.m; sourceTree = "<group>"; };
		ECC12C53188BECB4001FE263 /* ADSShader.vsh */ = {isa = PBXFileReference; fileEncoding = 4; lastKnownFileType = sourcecode.glsl; name = ADSShader.vsh; path = Shaders/ADSShader.vsh; sourceTree = "<group>"; };
		ECC12C54188BECB4001FE263 /* ADSShader.fsh */ = {isa = PBXFileReference; fileEncoding = 4; lastKnownFileType = sourcecode.glsl; name = ADSShader.fsh; path = Shaders/ADSShader.fsh; sourceTree = "<group>"; };
		ECC12C56188C11B8001FE263 /* PlainShader.vsh */ = {isa = PBXFileReference; lastKnownFileType = sourcecode.glsl; name = PlainShader.vsh; path = Shaders/PlainShader.vsh; sourceTree = "<group>"; };
		ECC12C57188C11B8001FE263 /* PlainShader.fsh */ = {isa = PBXFileReference; lastKnownFileType = sourcecode.glsl; name = PlainShader.fsh; path = Shaders/PlainShader.fsh; sourceTree = "<group>"; };
		ECC524391895507200D00510 /* R4Drawable.h */ = {isa = PBXFileReference; lastKnownFileType = sourcecode.c.h; path = R4Drawable.h; sourceTree = "<group>"; };
		ECC58D0C17F8505600BBAD28 /* libR4.a */ = {isa = PBXFileReference; explicitFileType = archive.ar; includeInIndex = 0; path = libR4.a; sourceTree = BUILT_PRODUCTS_DIR; };
		ECC58D0F17F8505600BBAD28 /* Foundation.framework */ = {isa = PBXFileReference; lastKnownFileType = wrapper.framework; name = Foundation.framework; path = System/Library/Frameworks/Foundation.framework; sourceTree = SDKROOT; };
		ECC58D1417F8505600BBAD28 /* R4Base.h */ = {isa = PBXFileReference; lastKnownFileType = sourcecode.c.h; path = R4Base.h; sourceTree = "<group>"; };
		ECC58D2017F8505700BBAD28 /* UIKit.framework */ = {isa = PBXFileReference; lastKnownFileType = wrapper.framework; name = UIKit.framework; path = Library/Frameworks/UIKit.framework; sourceTree = DEVELOPER_DIR; };
		ECC58D3517F8508000BBAD28 /* GLKit.framework */ = {isa = PBXFileReference; lastKnownFileType = wrapper.framework; name = GLKit.framework; path = System/Library/Frameworks/GLKit.framework; sourceTree = SDKROOT; };
		ECC58D3617F8508000BBAD28 /* OpenGLES.framework */ = {isa = PBXFileReference; lastKnownFileType = wrapper.framework; name = OpenGLES.framework; path = System/Library/Frameworks/OpenGLES.framework; sourceTree = SDKROOT; };
		ECC58D4117F8519900BBAD28 /* R4View.h */ = {isa = PBXFileReference; fileEncoding = 4; lastKnownFileType = sourcecode.c.h; path = R4View.h; sourceTree = "<group>"; };
		ECC58D4217F8519900BBAD28 /* R4View.m */ = {isa = PBXFileReference; fileEncoding = 4; lastKnownFileType = sourcecode.c.objc; path = R4View.m; sourceTree = "<group>"; };
		ECC58D4417F8521900BBAD28 /* R4Node.h */ = {isa = PBXFileReference; fileEncoding = 4; lastKnownFileType = sourcecode.c.h; path = R4Node.h; sourceTree = "<group>"; };
		ECC58D4517F8521900BBAD28 /* R4Node.m */ = {isa = PBXFileReference; fileEncoding = 4; lastKnownFileType = sourcecode.c.objc; path = R4Node.m; sourceTree = "<group>"; };
		ECC58D4717F8524F00BBAD28 /* R4Scene.h */ = {isa = PBXFileReference; fileEncoding = 4; lastKnownFileType = sourcecode.c.h; path = R4Scene.h; sourceTree = "<group>"; };
		ECC58D4817F8524F00BBAD28 /* R4Scene.m */ = {isa = PBXFileReference; fileEncoding = 4; lastKnownFileType = sourcecode.c.objc; path = R4Scene.m; sourceTree = "<group>"; };
		ECC58D4D17F8538900BBAD28 /* R4Texture.h */ = {isa = PBXFileReference; fileEncoding = 4; lastKnownFileType = sourcecode.c.h; path = R4Texture.h; sourceTree = "<group>"; };
		ECC58D4E17F8538900BBAD28 /* R4Texture.m */ = {isa = PBXFileReference; fileEncoding = 4; lastKnownFileType = sourcecode.c.objc; path = R4Texture.m; sourceTree = "<group>"; };
		ECC58D5617F8639800BBAD28 /* R4ViewPrivate.h */ = {isa = PBXFileReference; lastKnownFileType = sourcecode.c.h; path = R4ViewPrivate.h; sourceTree = "<group>"; };
		ECC58D5717F866A100BBAD28 /* R4Renderer.h */ = {isa = PBXFileReference; fileEncoding = 4; lastKnownFileType = sourcecode.c.h; path = R4Renderer.h; sourceTree = "<group>"; };
		ECC58D5817F866A100BBAD28 /* R4Renderer.m */ = {isa = PBXFileReference; fileEncoding = 4; lastKnownFileType = sourcecode.c.objc; path = R4Renderer.m; sourceTree = "<group>"; };
		ECDE15BC188C31F5008EA3A1 /* R4Mesh.h */ = {isa = PBXFileReference; fileEncoding = 4; lastKnownFileType = sourcecode.c.h; path = R4Mesh.h; sourceTree = "<group>"; };
		ECDE15BD188C31F5008EA3A1 /* R4Mesh.mm */ = {isa = PBXFileReference; fileEncoding = 4; lastKnownFileType = sourcecode.cpp.objcpp; path = R4Mesh.mm; sourceTree = "<group>"; };
		ECDE15BF188C3262008EA3A1 /* R4EntityNode.h */ = {isa = PBXFileReference; fileEncoding = 4; lastKnownFileType = sourcecode.c.h; path = R4EntityNode.h; sourceTree = "<group>"; };
		ECDE15C0188C3262008EA3A1 /* R4EntityNode.m */ = {isa = PBXFileReference; fileEncoding = 4; lastKnownFileType = sourcecode.c.objc; path = R4EntityNode.m; sourceTree = "<group>"; };
		ECEA3B93189D605B003DB77C /* R4PairKey.h */ = {isa = PBXFileReference; fileEncoding = 4; lastKnownFileType = sourcecode.c.h; path = R4PairKey.h; sourceTree = "<group>"; };
		ECEA3B94189D605B003DB77C /* R4PairKey.m */ = {isa = PBXFileReference; fileEncoding = 4; lastKnownFileType = sourcecode.c.objc; path = R4PairKey.m; sourceTree = "<group>"; };
		ECEA3B96189D648D003DB77C /* R4TextureManager.h */ = {isa = PBXFileReference; fileEncoding = 4; lastKnownFileType = sourcecode.c.h; path = R4TextureManager.h; sourceTree = "<group>"; };
		ECEA3B97189D648D003DB77C /* R4TextureManager.m */ = {isa = PBXFileReference; fileEncoding = 4; lastKnownFileType = sourcecode.c.objc; path = R4TextureManager.m; sourceTree = "<group>"; };
		ECEA3B99189D6AD7003DB77C /* R4DefaultSceneManager.h */ = {isa = PBXFileReference; fileEncoding = 4; lastKnownFileType = sourcecode.c.h; path = R4DefaultSceneManager.h; sourceTree = "<group>"; };
		ECEA3B9A189D6AD7003DB77C /* R4DefaultSceneManager.mm */ = {isa = PBXFileReference; fileEncoding = 4; lastKnownFileType = sourcecode.cpp.objcpp; path = R4DefaultSceneManager.mm; sourceTree = "<group>"; };
		ECEA3B9C189D6AFC003DB77C /* R4SceneManager.h */ = {isa = PBXFileReference; lastKnownFileType = sourcecode.c.h; path = R4SceneManager.h; sourceTree = "<group>"; };
		ECEA3B9D189D7616003DB77C /* R4PlainPass.h */ = {isa = PBXFileReference; fileEncoding = 4; lastKnownFileType = sourcecode.c.h; path = R4PlainPass.h; sourceTree = "<group>"; };
		ECEA3B9E189D7616003DB77C /* R4PlainPass.m */ = {isa = PBXFileReference; fileEncoding = 4; lastKnownFileType = sourcecode.c.objc; path = R4PlainPass.m; sourceTree = "<group>"; };
		ECEA3BA0189D7A94003DB77C /* R4ParticlePass.h */ = {isa = PBXFileReference; fileEncoding = 4; lastKnownFileType = sourcecode.c.h; path = R4ParticlePass.h; sourceTree = "<group>"; };
		ECEA3BA1189D7A94003DB77C /* R4ParticlePass.m */ = {isa = PBXFileReference; fileEncoding = 4; lastKnownFileType = sourcecode.c.objc; path = R4ParticlePass.m; sourceTree = "<group>"; };
		ECEA3BA3189D7F6E003DB77C /* R4DrawState.h */ = {isa = PBXFileReference; fileEncoding = 4; lastKnownFileType = sourcecode.c.h; path = R4DrawState.h; sourceTree = "<group>"; };
		ECEA3BA4189D7F6E003DB77C /* R4DrawState.m */ = {isa = PBXFileReference; fileEncoding = 4; lastKnownFileType = sourcecode.c.objc; path = R4DrawState.m; sourceTree = "<group>"; };
/* End PBXFileReference section */

/* Begin PBXFrameworksBuildPhase section */
		EC74507218AFB6FA00C5E36E /* Frameworks */ = {
			isa = PBXFrameworksBuildPhase;
			buildActionMask = 2147483647;
			files = (
				EC74507318AFB6FA00C5E36E /* GLKit.framework in Frameworks */,
				EC74507418AFB6FA00C5E36E /* OpenGLES.framework in Frameworks */,
				EC74507518AFB6FA00C5E36E /* Foundation.framework in Frameworks */,
			);
			runOnlyForDeploymentPostprocessing = 0;
		};
		ECC58D0917F8505600BBAD28 /* Frameworks */ = {
			isa = PBXFrameworksBuildPhase;
			buildActionMask = 2147483647;
			files = (
				ECC58D3717F8508000BBAD28 /* GLKit.framework in Frameworks */,
				ECC58D3817F8508000BBAD28 /* OpenGLES.framework in Frameworks */,
				ECC58D1017F8505600BBAD28 /* Foundation.framework in Frameworks */,
			);
			runOnlyForDeploymentPostprocessing = 0;
		};
/* End PBXFrameworksBuildPhase section */

/* Begin PBXGroup section */
		EC0E3AEC189E61B1005D3986 /* Predefined Passes */ = {
			isa = PBXGroup;
			children = (
				ECEA3B9D189D7616003DB77C /* R4PlainPass.h */,
				ECEA3B9E189D7616003DB77C /* R4PlainPass.m */,
				EC5D9E8C18A788F900AFB2D3 /* R4ADSPass.h */,
				EC5D9E8D18A788F900AFB2D3 /* R4ADSPass.m */,
				ECEA3BA0189D7A94003DB77C /* R4ParticlePass.h */,
				ECEA3BA1189D7A94003DB77C /* R4ParticlePass.m */,
			);
			name = "Predefined Passes";
			sourceTree = "<group>";
		};
		EC5BB398180067E100AB7FE8 /* R4Action */ = {
			isa = PBXGroup;
			children = (
				EC5BB3951800672F00AB7FE8 /* R4Action.h */,
				EC5BB3991800681100AB7FE8 /* R4ActionPrivate.h */,
				EC5BB3961800672F00AB7FE8 /* R4Action.m */,
				EC4A9439181BB41B008B9DC4 /* R4MoveActionPrivate.h */,
				EC4A943A181BB41B008B9DC4 /* R4MoveAction.m */,
				EC5BB39D180069A900AB7FE8 /* R4ScaleActionPrivate.h */,
				EC5BB39E180069A900AB7FE8 /* R4ScaleAction.m */,
				EC5BB3A018006B6D00AB7FE8 /* R4RepeatActionPrivate.h */,
				EC5BB3A118006B6D00AB7FE8 /* R4RepeatAction.m */,
				EC4A943C181BC2AF008B9DC4 /* R4SequenceActionPrivate.h */,
				EC4A943D181BC2AF008B9DC4 /* R4SequenceAction.m */,
			);
			name = R4Action;
			sourceTree = "<group>";
		};
		ECA9C2E0186BABC00073A61B /* Shaders */ = {
			isa = PBXGroup;
			children = (
				ECA3D12D186B96A500D92087 /* R4BuildTimeShaders.h */,
				ECA9C2E2186BABCE0073A61B /* ParticleShader.vsh */,
				ECA9C2E1186BABCE0073A61B /* ParticleShader.fsh */,
				ECC12C53188BECB4001FE263 /* ADSShader.vsh */,
				ECC12C54188BECB4001FE263 /* ADSShader.fsh */,
				ECC12C56188C11B8001FE263 /* PlainShader.vsh */,
				ECC12C57188C11B8001FE263 /* PlainShader.fsh */,
			);
			name = Shaders;
			sourceTree = "<group>";
		};
		ECADD139188AD273004736E1 /* Rendering System */ = {
			isa = PBXGroup;
			children = (
				ECADD133188AD23E004736E1 /* R4Material.h */,
				ECADD134188AD23E004736E1 /* R4Material.m */,
				ECADD13D188AD6BF004736E1 /* R4Technique.h */,
				ECADD13E188AD6BF004736E1 /* R4Technique.m */,
				ECADD136188AD262004736E1 /* R4Pass.h */,
				ECADD137188AD262004736E1 /* R4Pass.m */,
				EC0E3AEC189E61B1005D3986 /* Predefined Passes */,
				ECADD13A188AD2A2004736E1 /* R4TextureUnit.h */,
				ECADD13B188AD2A2004736E1 /* R4TextureUnit.m */,
				ECC58D5717F866A100BBAD28 /* R4Renderer.h */,
				ECC58D5817F866A100BBAD28 /* R4Renderer.m */,
				ECEA3BA3189D7F6E003DB77C /* R4DrawState.h */,
				ECEA3BA4189D7F6E003DB77C /* R4DrawState.m */,
			);
			name = "Rendering System";
			sourceTree = "<group>";
		};
		ECBE45E618905444000E88D6 /* Resources */ = {
			isa = PBXGroup;
			children = (
				ECA9C2E0186BABC00073A61B /* Shaders */,
				ECADD143188ADC3C004736E1 /* R4Shader.h */,
				ECADD144188ADC3C004736E1 /* R4Shader.m */,
				ECADD140188ADC31004736E1 /* R4Program.h */,
				ECADD141188ADC31004736E1 /* R4Program.m */,
				EC9EBEAE189D28150071C0EA /* R4ProgramManager.h */,
				EC9EBEAF189D28150071C0EA /* R4ProgramManager.m */,
				ECC58D4D17F8538900BBAD28 /* R4Texture.h */,
				ECC58D4E17F8538900BBAD28 /* R4Texture.m */,
				ECEA3B96189D648D003DB77C /* R4TextureManager.h */,
				ECEA3B97189D648D003DB77C /* R4TextureManager.m */,
				ECDE15BC188C31F5008EA3A1 /* R4Mesh.h */,
				ECDE15BD188C31F5008EA3A1 /* R4Mesh.mm */,
			);
			name = Resources;
			sourceTree = "<group>";
		};
		ECC58D0317F8505600BBAD28 = {
			isa = PBXGroup;
			children = (
				EC87C49F189ECCDA00487304 /* LICENSE */,
				EC87C49E189ECCC800487304 /* README.md */,
				ECC58D1117F8505600BBAD28 /* R4 */,
				ECC58D0E17F8505600BBAD28 /* Frameworks */,
				ECC58D0D17F8505600BBAD28 /* Products */,
			);
			sourceTree = "<group>";
		};
		ECC58D0D17F8505600BBAD28 /* Products */ = {
			isa = PBXGroup;
			children = (
				ECC58D0C17F8505600BBAD28 /* libR4.a */,
				EC74507B18AFB6FA00C5E36E /* libR4.a */,
			);
			name = Products;
			sourceTree = "<group>";
		};
		ECC58D0E17F8505600BBAD28 /* Frameworks */ = {
			isa = PBXGroup;
			children = (
				ECC58D3517F8508000BBAD28 /* GLKit.framework */,
				ECC58D3617F8508000BBAD28 /* OpenGLES.framework */,
				ECC58D0F17F8505600BBAD28 /* Foundation.framework */,
				ECC58D2017F8505700BBAD28 /* UIKit.framework */,
			);
			name = Frameworks;
			sourceTree = "<group>";
		};
		ECC58D1117F8505600BBAD28 /* R4 */ = {
			isa = PBXGroup;
			children = (
				EC5101B018AFB2F500F7964F /* R4.h */,
				ECC58D1417F8505600BBAD28 /* R4Base.h */,
				ECBE45E618905444000E88D6 /* Resources */,
				ECADD139188AD273004736E1 /* Rendering System */,
				EC5BB398180067E100AB7FE8 /* R4Action */,
				ECC58D4117F8519900BBAD28 /* R4View.h */,
				ECC58D5617F8639800BBAD28 /* R4ViewPrivate.h */,
				ECC58D4217F8519900BBAD28 /* R4View.m */,
				ECC58D4417F8521900BBAD28 /* R4Node.h */,
				EC6FD69F17F8777300ED6AAA /* R4NodePrivate.h */,
				ECC58D4517F8521900BBAD28 /* R4Node.m */,
				ECC58D4717F8524F00BBAD28 /* R4Scene.h */,
				EC0C8F8617F89D5700E8B229 /* R4ScenePrivate.h */,
				ECC58D4817F8524F00BBAD28 /* R4Scene.m */,
				ECEA3B9C189D6AFC003DB77C /* R4SceneManager.h */,
				ECEA3B99189D6AD7003DB77C /* R4DefaultSceneManager.h */,
				ECEA3B9A189D6AD7003DB77C /* R4DefaultSceneManager.mm */,
				EC0C194C1837E46A00148E7B /* R4CameraNode.h */,
				EC0C194F1837E67400148E7B /* R4CameraNodePrivate.h */,
				EC0C194D1837E46A00148E7B /* R4CameraNode.m */,
				ECC524391895507200D00510 /* R4Drawable.h */,
				ECDE15BF188C3262008EA3A1 /* R4EntityNode.h */,
				ECDE15C0188C3262008EA3A1 /* R4EntityNode.m */,
				EC678736186B08CC009921C2 /* R4LightNode.h */,
				EC678739186B0ACD009921C2 /* R4LightNodePrivate.h */,
				EC678737186B08CC009921C2 /* R4LightNode.m */,
				EC3D8EA9186B50AD00CFA6B1 /* R4EmitterNode.h */,
				EC3D8EAF186B6CD500CFA6B1 /* R4EmitterNodePrivate.h */,
				EC3D8EAA186B50AD00CFA6B1 /* R4EmitterNode.m */,
				ECEA3B93189D605B003DB77C /* R4PairKey.h */,
				ECEA3B94189D605B003DB77C /* R4PairKey.m */,
			);
			path = R4;
			sourceTree = "<group>";
		};
/* End PBXGroup section */

/* Begin PBXNativeTarget section */
		EC74505118AFB6FA00C5E36E /* R4 Universal */ = {
			isa = PBXNativeTarget;
			buildConfigurationList = EC74507818AFB6FA00C5E36E /* Build configuration list for PBXNativeTarget "R4 Universal" */;
			buildPhases = (
				EC74505418AFB6FA00C5E36E /* Sources */,
				EC74507218AFB6FA00C5E36E /* Frameworks */,
				EC74507C18AFB74100C5E36E /* ShellScript */,
				EC74507E18AFBACA00C5E36E /* ShellScript */,
			);
			buildRules = (
			);
			dependencies = (
				EC74508A18AFC09800C5E36E /* PBXTargetDependency */,
			);
			name = "R4 Universal";
			productName = R4;
			productReference = EC74507B18AFB6FA00C5E36E /* libR4.a */;
			productType = "com.apple.product-type.library.static";
		};
		ECC58D0B17F8505600BBAD28 /* R4 */ = {
			isa = PBXNativeTarget;
			buildConfigurationList = ECC58D2F17F8505700BBAD28 /* Build configuration list for PBXNativeTarget "R4" */;
			buildPhases = (
				ECC58D0817F8505600BBAD28 /* Sources */,
				ECC58D0917F8505600BBAD28 /* Frameworks */,
				ECC58D0A17F8505600BBAD28 /* Copy Files */,
			);
			buildRules = (
			);
			dependencies = (
				EC74508618AFC06B00C5E36E /* PBXTargetDependency */,
			);
			name = R4;
			productName = R4;
			productReference = ECC58D0C17F8505600BBAD28 /* libR4.a */;
			productType = "com.apple.product-type.library.static";
		};
/* End PBXNativeTarget section */

/* Begin PBXProject section */
		ECC58D0417F8505600BBAD28 /* Project object */ = {
			isa = PBXProject;
			attributes = {
				LastUpgradeCheck = 0500;
				ORGANIZATIONNAME = "Srđan Rašić";
			};
			buildConfigurationList = ECC58D0717F8505600BBAD28 /* Build configuration list for PBXProject "R4" */;
			compatibilityVersion = "Xcode 3.2";
			developmentRegion = English;
			hasScannedForEncodings = 0;
			knownRegions = (
				en,
			);
			mainGroup = ECC58D0317F8505600BBAD28;
			productRefGroup = ECC58D0D17F8505600BBAD28 /* Products */;
			projectDirPath = "";
			projectRoot = "";
			targets = (
				ECC58D0B17F8505600BBAD28 /* R4 */,
				EC74505118AFB6FA00C5E36E /* R4 Universal */,
				EC87C4A5189ECE7B00487304 /* Documentation */,
				EC74507F18AFC01200C5E36E /* Common scripts */,
			);
		};
/* End PBXProject section */

/* Begin PBXShellScriptBuildPhase section */
		EC74507C18AFB74100C5E36E /* ShellScript */ = {
			isa = PBXShellScriptBuildPhase;
			buildActionMask = 2147483647;
			files = (
			);
			inputPaths = (
			);
			outputPaths = (
			);
			runOnlyForDeploymentPostprocessing = 0;
			shellPath = /bin/sh;
			shellScript = "##########################################\n#\n# c.f. http://stackoverflow.com/questions/3520977/build-fat-static-library-device-simulator-using-xcode-and-sdk-4\n#\n# Version 2.7\n#\n# Latest Change:\n# - Supports iPhone 5 / iPod Touch 5 (uses Apple's workaround to lipo bug)\n#\n# Purpose:\n#   Automatically create a Universal static library for iPhone + iPad + iPhone Simulator from within XCode\n#\n# Author: Adam Martin - http://twitter.com/redglassesapps\n# Based on: original script from Eonil (main changes: Eonil's script WILL NOT WORK in Xcode GUI - it WILL CRASH YOUR COMPUTER)\n#\n\nset -e\nset -o pipefail\n\n#################[ Tests: helps workaround any future bugs in Xcode ]########\n#\nDEBUG_THIS_SCRIPT=\"false\"\n\nif [ $DEBUG_THIS_SCRIPT = \"true\" ]\nthen\necho \"########### TESTS #############\"\necho \"Use the following variables when debugging this script; note that they may change on recursions\"\necho \"BUILD_DIR = $BUILD_DIR\"\necho \"BUILD_ROOT = $BUILD_ROOT\"\necho \"CONFIGURATION_BUILD_DIR = $CONFIGURATION_BUILD_DIR\"\necho \"BUILT_PRODUCTS_DIR = $BUILT_PRODUCTS_DIR\"\necho \"CONFIGURATION_TEMP_DIR = $CONFIGURATION_TEMP_DIR\"\necho \"TARGET_BUILD_DIR = $TARGET_BUILD_DIR\"\nfi\n\n#####################[ part 1 ]##################\n# First, work out the BASESDK version number (NB: Apple ought to report this, but they hide it)\n#    (incidental: searching for substrings in sh is a nightmare! Sob)\n\nSDK_VERSION=$(echo ${SDK_NAME} | grep -o '.\\{3\\}$')\n\n# Next, work out if we're in SIM or DEVICE\n\nif [ ${PLATFORM_NAME} = \"iphonesimulator\" ]\nthen\nOTHER_SDK_TO_BUILD=iphoneos${SDK_VERSION}\nelse\nOTHER_SDK_TO_BUILD=iphonesimulator${SDK_VERSION}\nfi\n\necho \"XCode has selected SDK: ${PLATFORM_NAME} with version: ${SDK_VERSION} (although back-targetting: ${IPHONEOS_DEPLOYMENT_TARGET})\"\necho \"...therefore, OTHER_SDK_TO_BUILD = ${OTHER_SDK_TO_BUILD}\"\n#\n#####################[ end of part 1 ]##################\n\n#####################[ part 2 ]##################\n#\n# IF this is the original invocation, invoke WHATEVER other builds are required\n#\n# Xcode is already building ONE target...\n#\n# ...but this is a LIBRARY, so Apple is wrong to set it to build just one.\n# ...we need to build ALL targets\n# ...we MUST NOT re-build the target that is ALREADY being built: Xcode WILL CRASH YOUR COMPUTER if you try this (infinite recursion!)\n#\n#\n# So: build ONLY the missing platforms/configurations.\n\nif [ \"true\" == ${ALREADYINVOKED:-false} ]\nthen\necho \"RECURSION: I am NOT the root invocation, so I'm NOT going to recurse\"\nelse\n# CRITICAL:\n# Prevent infinite recursion (Xcode sucks)\nexport ALREADYINVOKED=\"true\"\n\necho \"RECURSION: I am the root ... recursing all missing build targets NOW...\"\necho \"RECURSION: ...about to invoke: xcodebuild -configuration \\\"${CONFIGURATION}\\\" -project \\\"${PROJECT_NAME}.xcodeproj\\\" -target \\\"${TARGET_NAME}\\\" -sdk \\\"${OTHER_SDK_TO_BUILD}\\\" ${ACTION} RUN_CLANG_STATIC_ANALYZER=NO\" BUILD_DIR=\\\"${BUILD_DIR}\\\" BUILD_ROOT=\\\"${BUILD_ROOT}\\\" SYMROOT=\\\"${SYMROOT}\\\"\n\nxcodebuild -configuration \"${CONFIGURATION}\" -project \"${PROJECT_NAME}.xcodeproj\" -target \"${TARGET_NAME}\" -sdk \"${OTHER_SDK_TO_BUILD}\" ${ACTION} RUN_CLANG_STATIC_ANALYZER=NO BUILD_DIR=\"${BUILD_DIR}\" BUILD_ROOT=\"${BUILD_ROOT}\" SYMROOT=\"${SYMROOT}\"\n\nACTION=\"build\"\n\n#Merge all platform binaries as a fat binary for each configurations.\n\n# Calculate where the (multiple) built files are coming from:\nCURRENTCONFIG_DEVICE_DIR=${SYMROOT}/${CONFIGURATION}-iphoneos\nCURRENTCONFIG_SIMULATOR_DIR=${SYMROOT}/${CONFIGURATION}-iphonesimulator\n\necho \"Taking device build from: ${CURRENTCONFIG_DEVICE_DIR}\"\necho \"Taking simulator build from: ${CURRENTCONFIG_SIMULATOR_DIR}\"\n\nCREATING_UNIVERSAL_DIR=${SYMROOT}/${CONFIGURATION}-universal\necho \"...I will output a universal build to: ${CREATING_UNIVERSAL_DIR}\"\n\n# ... remove the products of previous runs of this script\n#      NB: this directory is ONLY created by this script - it should be safe to delete!\n\nrm -rf \"${CREATING_UNIVERSAL_DIR}\"\nmkdir \"${CREATING_UNIVERSAL_DIR}\"\n\n#\necho \"lipo: for current configuration (${CONFIGURATION}) creating output file: ${CREATING_UNIVERSAL_DIR}/${EXECUTABLE_NAME}\"\nxcrun -sdk iphoneos lipo -create -output \"${CREATING_UNIVERSAL_DIR}/${EXECUTABLE_NAME}\" \"${CURRENTCONFIG_DEVICE_DIR}/${EXECUTABLE_NAME}\" \"${CURRENTCONFIG_SIMULATOR_DIR}/${EXECUTABLE_NAME}\"\n\n#########\n#\n# Added: StackOverflow suggestion to also copy \"include\" files\n#    (untested, but should work OK)\n#\necho \"Fetching headers from ${PUBLIC_HEADERS_FOLDER_PATH}\"\necho \"  (if you embed your library project in another project, you will need to add\"\necho \"   a \"User Search Headers\" build setting of: (NB INCLUDE THE DOUBLE QUOTES BELOW!)\"\necho '        \"$(TARGET_BUILD_DIR)/usr/local/include/\"'\nif [ -d \"${CURRENTCONFIG_DEVICE_DIR}${PUBLIC_HEADERS_FOLDER_PATH}\" ]\nthen\nmkdir -p \"${CREATING_UNIVERSAL_DIR}${PUBLIC_HEADERS_FOLDER_PATH}\"\n# * needs to be outside the double quotes?\ncp -r \"${CURRENTCONFIG_DEVICE_DIR}${PUBLIC_HEADERS_FOLDER_PATH}\"* \"${CREATING_UNIVERSAL_DIR}${PUBLIC_HEADERS_FOLDER_PATH}\"\nfi\nfi";
		};
		EC74507E18AFBACA00C5E36E /* ShellScript */ = {
			isa = PBXShellScriptBuildPhase;
			buildActionMask = 2147483647;
			files = (
			);
			inputPaths = (
			);
			outputPaths = (
			);
			runOnlyForDeploymentPostprocessing = 0;
			shellPath = /bin/sh;
			shellScript = "## Copy headers manually\n\nDIRECTORY=${SYMROOT}/${CONFIGURATION}-universal\n\nif [ ! -d \"$DIRECTORY\" ]; then\nexit 0\nfi\n\nHEADERS_OUT_DIR=${DIRECTORY}/include\nrm -rf \"${HEADERS_OUT_DIR}\"\nmkdir \"${HEADERS_OUT_DIR}\"\n\nfor file in $(ls \"${SRCROOT}/R4/\"); do\nif ! [[ $file =~ .*Private.* ]] && [[ $file =~ .*[.]h ]]; then\ncp \"${SRCROOT}/R4/${file}\" \"${HEADERS_OUT_DIR}\"\nfi;\ndone;\n\nopen \"${HEADERS_OUT_DIR}/../\"";
		};
		EC74508318AFC04400C5E36E /* ShellScript */ = {
			isa = PBXShellScriptBuildPhase;
			buildActionMask = 2147483647;
			files = (
			);
			inputPaths = (
			);
			outputPaths = (
			);
			runOnlyForDeploymentPostprocessing = 0;
			shellPath = /bin/sh;
			shellScript = "# Compiles R4.h header listing file.\n\nOUT=\"${SRCROOT}/R4/R4.h\"\necho -e \"/* Autocompile header listing. */\\n\" > $OUT\nfor file in $(ls \"${SRCROOT}/R4/\"); do\nif ! [[ $file =~ .*Private.* ]] && [[ $file =~ .*[.]h ]] && ! [[ $file == \"R4.h\" ]]; then\necho \"#import \\\"${file}\\\"\" >> $OUT;\nfi;\ndone;\n";
		};
		EC74508418AFC05300C5E36E /* ShellScript */ = {
			isa = PBXShellScriptBuildPhase;
			buildActionMask = 2147483647;
			files = (
			);
			inputPaths = (
			);
			outputPaths = (
			);
			runOnlyForDeploymentPostprocessing = 0;
			shellPath = /bin/sh;
			shellScript = "# Compiles R4BuildTimeShaders.h file from shader files in Shaders/\n\nOUT=\"${SRCROOT}/R4/R4BuildTimeShaders.h\"\necho -e \"\\n/* File autocompiled from shader files in Shaders/ directory. Changes to this file will be overriden on build! */\\n\\n\" > $OUT\nfor file in $(ls \"${SRCROOT}/R4/Shaders/\"); do\necho -n \"static NSString * const ${file##*.}${file%.*}SourceString = @\\\"\" >> $OUT;\ncat \"${SRCROOT}/R4/Shaders/${file}\" | sed -e 's://.*::g' -e '/^$/d' | sed 's:\\\":\\\\\\\":g' | tr '\\n' ' ' >> $OUT;\necho -e \"\\\";\\n\" >> $OUT;\ndone;\n\necho \"#define BUILD_TIME_SHADERS_MAP @{\\\\\" >> $OUT\nfor file in $(ls \"${SRCROOT}/R4/Shaders/\"); do\necho -n \"  @\\\"${file##*.}${file%.*}\\\": ${file##*.}${file%.*}SourceString\" >> $OUT;\necho -e \",\\\\\" >> $OUT;\ndone;\necho \"  @\\\"null\\\": @\\\"null\\\" }\" >> $OUT\n";
		};
		EC87C4A9189ECEAC00487304 /* ShellScript */ = {
			isa = PBXShellScriptBuildPhase;
			buildActionMask = 2147483647;
			files = (
			);
			inputPaths = (
			);
			outputPaths = (
			);
			runOnlyForDeploymentPostprocessing = 0;
			shellPath = /bin/sh;
			shellScript = "/usr/local/bin/appledoc \\\n--project-name \"${PROJECT_NAME}\" \\\n--project-company \"Srdan Rasic\" \\\n--company-id \"com.srdanrasic\" \\\n--output \"~/Projects/Help/${PROJECT_NAME}\" \\\n--install-docset \\\n--logformat xcode \\\n--keep-undocumented-objects \\\n--keep-undocumented-members \\\n--keep-intermediate-files \\\n--no-repeat-first-par \\\n--no-warn-invalid-crossref \\\n--merge-categories \\\n--exit-threshold 2 \\\n--docset-platform-family iphoneos \\\n--ignore \"*.m\" \\\n--ignore \"*Private.h\" \\\n--include \"${PROJECT_DIR}/${PROJECT_NAME}/Documentation/Images\" \\\n--index-desc \"${PROJECT_DIR}/README.md\" \\\n\"${PROJECT_DIR}/${PROJECT_NAME}\"\n\nrm -rf ${PROJECT_DIR}/docs\nmv ~/Projects/Help/${PROJECT_NAME}/html ${PROJECT_DIR}/docs";
		};
/* End PBXShellScriptBuildPhase section */

/* Begin PBXSourcesBuildPhase section */
		EC74505418AFB6FA00C5E36E /* Sources */ = {
			isa = PBXSourcesBuildPhase;
			buildActionMask = 2147483647;
			files = (
				EC74505518AFB6FA00C5E36E /* R4Texture.m in Sources */,
				EC74505618AFB6FA00C5E36E /* R4ScaleAction.m in Sources */,
				EC74505718AFB6FA00C5E36E /* R4EmitterNode.m in Sources */,
				EC74505818AFB6FA00C5E36E /* R4Mesh.mm in Sources */,
				EC74505918AFB6FA00C5E36E /* R4DrawState.m in Sources */,
				EC74505A18AFB6FA00C5E36E /* R4DefaultSceneManager.mm in Sources */,
				EC74505B18AFB6FA00C5E36E /* R4ProgramManager.m in Sources */,
				EC74505C18AFB6FA00C5E36E /* R4Material.m in Sources */,
				EC74505D18AFB6FA00C5E36E /* R4Action.m in Sources */,
				EC74505E18AFB6FA00C5E36E /* R4Scene.m in Sources */,
				EC74505F18AFB6FA00C5E36E /* R4ADSPass.m in Sources */,
				EC74506018AFB6FA00C5E36E /* R4View.m in Sources */,
				EC74506118AFB6FA00C5E36E /* R4Pass.m in Sources */,
				EC74506218AFB6FA00C5E36E /* R4ParticlePass.m in Sources */,
				EC74506318AFB6FA00C5E36E /* R4PlainPass.m in Sources */,
				EC74506418AFB6FA00C5E36E /* R4TextureManager.m in Sources */,
				EC74506518AFB6FA00C5E36E /* R4CameraNode.m in Sources */,
				EC74506618AFB6FA00C5E36E /* R4TextureUnit.m in Sources */,
				EC74506718AFB6FA00C5E36E /* R4Program.m in Sources */,
				EC74506818AFB6FA00C5E36E /* R4SequenceAction.m in Sources */,
				EC74506918AFB6FA00C5E36E /* R4RepeatAction.m in Sources */,
				EC74506A18AFB6FA00C5E36E /* R4Node.m in Sources */,
				EC74506B18AFB6FA00C5E36E /* R4PairKey.m in Sources */,
				EC74506C18AFB6FA00C5E36E /* R4Renderer.m in Sources */,
				EC74506D18AFB6FA00C5E36E /* R4MoveAction.m in Sources */,
				EC74506E18AFB6FA00C5E36E /* R4Shader.m in Sources */,
				EC74506F18AFB6FA00C5E36E /* R4EntityNode.m in Sources */,
				EC74507018AFB6FA00C5E36E /* R4LightNode.m in Sources */,
				EC74507118AFB6FA00C5E36E /* R4Technique.m in Sources */,
			);
			runOnlyForDeploymentPostprocessing = 0;
		};
		ECC58D0817F8505600BBAD28 /* Sources */ = {
			isa = PBXSourcesBuildPhase;
			buildActionMask = 2147483647;
			files = (
				ECC58D4F17F8538900BBAD28 /* R4Texture.m in Sources */,
				EC5BB39F180069A900AB7FE8 /* R4ScaleAction.m in Sources */,
				ECE91899186C7ED4000E11A7 /* R4EmitterNode.m in Sources */,
				ECDE15BE188C31F5008EA3A1 /* R4Mesh.mm in Sources */,
				ECEA3BA5189D7F6E003DB77C /* R4DrawState.m in Sources */,
				ECEA3B9B189D6AD7003DB77C /* R4DefaultSceneManager.mm in Sources */,
				EC9EBEB0189D28150071C0EA /* R4ProgramManager.m in Sources */,
				ECADD135188AD23E004736E1 /* R4Material.m in Sources */,
				EC5BB3971800672F00AB7FE8 /* R4Action.m in Sources */,
				ECC58D4917F8524F00BBAD28 /* R4Scene.m in Sources */,
				EC5D9E8E18A788F900AFB2D3 /* R4ADSPass.m in Sources */,
				ECC58D4317F8519900BBAD28 /* R4View.m in Sources */,
				ECADD138188AD262004736E1 /* R4Pass.m in Sources */,
				ECEA3BA2189D7A94003DB77C /* R4ParticlePass.m in Sources */,
				ECEA3B9F189D7616003DB77C /* R4PlainPass.m in Sources */,
				ECEA3B98189D648D003DB77C /* R4TextureManager.m in Sources */,
				EC0C194E1837E46A00148E7B /* R4CameraNode.m in Sources */,
				ECADD13C188AD2A2004736E1 /* R4TextureUnit.m in Sources */,
				ECADD142188ADC31004736E1 /* R4Program.m in Sources */,
				EC4A943E181BC2AF008B9DC4 /* R4SequenceAction.m in Sources */,
				EC5BB3A218006B6D00AB7FE8 /* R4RepeatAction.m in Sources */,
				ECC58D4617F8521900BBAD28 /* R4Node.m in Sources */,
				ECEA3B95189D605B003DB77C /* R4PairKey.m in Sources */,
				ECC58D5917F866A100BBAD28 /* R4Renderer.m in Sources */,
				EC4A943B181BB41B008B9DC4 /* R4MoveAction.m in Sources */,
				ECADD146188ADE89004736E1 /* R4Shader.m in Sources */,
				ECDE15C1188C3262008EA3A1 /* R4EntityNode.m in Sources */,
				EC678738186B08CC009921C2 /* R4LightNode.m in Sources */,
				ECADD13F188AD6BF004736E1 /* R4Technique.m in Sources */,
			);
			runOnlyForDeploymentPostprocessing = 0;
		};
/* End PBXSourcesBuildPhase section */

/* Begin PBXTargetDependency section */
		EC74508618AFC06B00C5E36E /* PBXTargetDependency */ = {
			isa = PBXTargetDependency;
			target = EC74507F18AFC01200C5E36E /* Common scripts */;
			targetProxy = EC74508518AFC06B00C5E36E /* PBXContainerItemProxy */;
		};
		EC74508A18AFC09800C5E36E /* PBXTargetDependency */ = {
			isa = PBXTargetDependency;
			target = EC74507F18AFC01200C5E36E /* Common scripts */;
			targetProxy = EC74508918AFC09800C5E36E /* PBXContainerItemProxy */;
		};
/* End PBXTargetDependency section */

/* Begin XCBuildConfiguration section */
		EC74507918AFB6FA00C5E36E /* Debug */ = {
			isa = XCBuildConfiguration;
			buildSettings = {
				ARCHS = "$(ARCHS_STANDARD)";
				CODE_SIGN_ENTITLEMENTS = "";
				CODE_SIGN_IDENTITY = "iPhone Developer";
				DSTROOT = /tmp/R4.dst;
				GCC_C_LANGUAGE_STANDARD = gnu99;
				GCC_PRECOMPILE_PREFIX_HEADER = YES;
				GCC_PREFIX_HEADER = "R4/R4-Prefix.pch";
				ONLY_ACTIVE_ARCH = NO;
				OTHER_LDFLAGS = "-ObjC";
				PRODUCT_NAME = R4;
				PROVISIONING_PROFILE = "F36A73F1-B445-4DA1-B44D-7173829DB6CB";
				SKIP_INSTALL = YES;
			};
			name = Debug;
		};
		EC74507A18AFB6FA00C5E36E /* Release */ = {
			isa = XCBuildConfiguration;
			buildSettings = {
				ARCHS = "$(ARCHS_STANDARD)";
				CODE_SIGN_ENTITLEMENTS = "";
				CODE_SIGN_IDENTITY = "iPhone Developer";
				DSTROOT = /tmp/R4.dst;
				GCC_C_LANGUAGE_STANDARD = gnu99;
				GCC_PRECOMPILE_PREFIX_HEADER = YES;
				GCC_PREFIX_HEADER = "R4/R4-Prefix.pch";
				OTHER_LDFLAGS = "-ObjC";
				PRODUCT_NAME = R4;
				PROVISIONING_PROFILE = "F36A73F1-B445-4DA1-B44D-7173829DB6CB";
				SKIP_INSTALL = YES;
			};
			name = Release;
		};
		EC74508018AFC01300C5E36E /* Debug */ = {
			isa = XCBuildConfiguration;
			buildSettings = {
				PRODUCT_NAME = "$(TARGET_NAME)";
			};
			name = Debug;
		};
		EC74508118AFC01300C5E36E /* Release */ = {
			isa = XCBuildConfiguration;
			buildSettings = {
				PRODUCT_NAME = "$(TARGET_NAME)";
			};
			name = Release;
		};
		EC87C4A6189ECE7B00487304 /* Debug */ = {
			isa = XCBuildConfiguration;
			buildSettings = {
				PRODUCT_NAME = "$(TARGET_NAME)";
			};
			name = Debug;
		};
		EC87C4A7189ECE7B00487304 /* Release */ = {
			isa = XCBuildConfiguration;
			buildSettings = {
				PRODUCT_NAME = "$(TARGET_NAME)";
			};
			name = Release;
		};
		ECC58D2D17F8505700BBAD28 /* Debug */ = {
			isa = XCBuildConfiguration;
			buildSettings = {
				ALWAYS_SEARCH_USER_PATHS = NO;
				ARCHS = "$(ARCHS_STANDARD_INCLUDING_64_BIT)";
				CLANG_CXX_LANGUAGE_STANDARD = "gnu++0x";
				CLANG_CXX_LIBRARY = "libc++";
				CLANG_ENABLE_MODULES = YES;
				CLANG_ENABLE_OBJC_ARC = YES;
				CLANG_WARN_BOOL_CONVERSION = YES;
				CLANG_WARN_CONSTANT_CONVERSION = YES;
				CLANG_WARN_DIRECT_OBJC_ISA_USAGE = YES_ERROR;
				CLANG_WARN_EMPTY_BODY = YES;
				CLANG_WARN_ENUM_CONVERSION = YES;
				CLANG_WARN_INT_CONVERSION = YES;
				CLANG_WARN_OBJC_ROOT_CLASS = YES_ERROR;
				CLANG_WARN__DUPLICATE_METHOD_MATCH = YES;
				CODE_SIGN_IDENTITY = "iPhone Developer";
				COPY_PHASE_STRIP = NO;
				GCC_C_LANGUAGE_STANDARD = gnu99;
				GCC_DYNAMIC_NO_PIC = NO;
				GCC_OPTIMIZATION_LEVEL = 0;
				GCC_PREPROCESSOR_DEFINITIONS = (
					"DEBUG=1",
					"$(inherited)",
				);
				GCC_SYMBOLS_PRIVATE_EXTERN = NO;
				GCC_WARN_64_TO_32_BIT_CONVERSION = YES;
				GCC_WARN_ABOUT_RETURN_TYPE = YES_ERROR;
				GCC_WARN_UNDECLARED_SELECTOR = YES;
				GCC_WARN_UNINITIALIZED_AUTOS = YES;
				GCC_WARN_UNUSED_FUNCTION = YES;
				GCC_WARN_UNUSED_VARIABLE = YES;
				IPHONEOS_DEPLOYMENT_TARGET = 6.0;
				ONLY_ACTIVE_ARCH = YES;
				SDKROOT = iphoneos;
			};
			name = Debug;
		};
		ECC58D2E17F8505700BBAD28 /* Release */ = {
			isa = XCBuildConfiguration;
			buildSettings = {
				ALWAYS_SEARCH_USER_PATHS = NO;
				ARCHS = "$(ARCHS_STANDARD_INCLUDING_64_BIT)";
				CLANG_CXX_LANGUAGE_STANDARD = "gnu++0x";
				CLANG_CXX_LIBRARY = "libc++";
				CLANG_ENABLE_MODULES = YES;
				CLANG_ENABLE_OBJC_ARC = YES;
				CLANG_WARN_BOOL_CONVERSION = YES;
				CLANG_WARN_CONSTANT_CONVERSION = YES;
				CLANG_WARN_DIRECT_OBJC_ISA_USAGE = YES_ERROR;
				CLANG_WARN_EMPTY_BODY = YES;
				CLANG_WARN_ENUM_CONVERSION = YES;
				CLANG_WARN_INT_CONVERSION = YES;
				CLANG_WARN_OBJC_ROOT_CLASS = YES_ERROR;
				CLANG_WARN__DUPLICATE_METHOD_MATCH = YES;
				CODE_SIGN_IDENTITY = "iPhone Developer";
				COPY_PHASE_STRIP = YES;
				ENABLE_NS_ASSERTIONS = NO;
				GCC_C_LANGUAGE_STANDARD = gnu99;
				GCC_WARN_64_TO_32_BIT_CONVERSION = YES;
				GCC_WARN_ABOUT_RETURN_TYPE = YES_ERROR;
				GCC_WARN_UNDECLARED_SELECTOR = YES;
				GCC_WARN_UNINITIALIZED_AUTOS = YES;
				GCC_WARN_UNUSED_FUNCTION = YES;
				GCC_WARN_UNUSED_VARIABLE = YES;
				IPHONEOS_DEPLOYMENT_TARGET = 6.0;
				SDKROOT = iphoneos;
				VALIDATE_PRODUCT = YES;
			};
			name = Release;
		};
		ECC58D3017F8505700BBAD28 /* Debug */ = {
			isa = XCBuildConfiguration;
			buildSettings = {
				ARCHS = "$(ARCHS_STANDARD)";
				CODE_SIGN_ENTITLEMENTS = "";
				CODE_SIGN_IDENTITY = "iPhone Developer";
				DSTROOT = /tmp/R4.dst;
				GCC_PRECOMPILE_PREFIX_HEADER = YES;
				OTHER_LDFLAGS = "-ObjC";
				PRODUCT_NAME = "$(TARGET_NAME)";
				PROVISIONING_PROFILE = "F36A73F1-B445-4DA1-B44D-7173829DB6CB";
				SKIP_INSTALL = YES;
			};
			name = Debug;
		};
		ECC58D3117F8505700BBAD28 /* Release */ = {
			isa = XCBuildConfiguration;
			buildSettings = {
				ARCHS = "$(ARCHS_STANDARD)";
				CODE_SIGN_ENTITLEMENTS = "";
				CODE_SIGN_IDENTITY = "iPhone Developer";
				DSTROOT = /tmp/R4.dst;
				GCC_PRECOMPILE_PREFIX_HEADER = YES;
				OTHER_LDFLAGS = "-ObjC";
				PRODUCT_NAME = "$(TARGET_NAME)";
				PROVISIONING_PROFILE = "F36A73F1-B445-4DA1-B44D-7173829DB6CB";
				SKIP_INSTALL = YES;
			};
			name = Release;
		};
/* End XCBuildConfiguration section */

/* Begin XCConfigurationList section */
		EC74507818AFB6FA00C5E36E /* Build configuration list for PBXNativeTarget "R4 Universal" */ = {
			isa = XCConfigurationList;
			buildConfigurations = (
				EC74507918AFB6FA00C5E36E /* Debug */,
				EC74507A18AFB6FA00C5E36E /* Release */,
			);
			defaultConfigurationIsVisible = 0;
			defaultConfigurationName = Release;
		};
		EC74508218AFC01300C5E36E /* Build configuration list for PBXAggregateTarget "Common scripts" */ = {
			isa = XCConfigurationList;
			buildConfigurations = (
				EC74508018AFC01300C5E36E /* Debug */,
				EC74508118AFC01300C5E36E /* Release */,
			);
			defaultConfigurationIsVisible = 0;
			defaultConfigurationName = Release;
		};
		EC87C4A8189ECE7B00487304 /* Build configuration list for PBXAggregateTarget "Documentation" */ = {
			isa = XCConfigurationList;
			buildConfigurations = (
				EC87C4A6189ECE7B00487304 /* Debug */,
				EC87C4A7189ECE7B00487304 /* Release */,
			);
			defaultConfigurationIsVisible = 0;
			defaultConfigurationName = Release;
		};
		ECC58D0717F8505600BBAD28 /* Build configuration list for PBXProject "R4" */ = {
			isa = XCConfigurationList;
			buildConfigurations = (
				ECC58D2D17F8505700BBAD28 /* Debug */,
				ECC58D2E17F8505700BBAD28 /* Release */,
			);
			defaultConfigurationIsVisible = 0;
			defaultConfigurationName = Release;
		};
		ECC58D2F17F8505700BBAD28 /* Build configuration list for PBXNativeTarget "R4" */ = {
			isa = XCConfigurationList;
			buildConfigurations = (
				ECC58D3017F8505700BBAD28 /* Debug */,
				ECC58D3117F8505700BBAD28 /* Release */,
			);
			defaultConfigurationIsVisible = 0;
			defaultConfigurationName = Release;
		};
/* End XCConfigurationList section */
	};
	rootObject = ECC58D0417F8505600BBAD28 /* Project object */;
}
